PODS:
  - Alamofire (5.4.4)
  - CombineCocoa (0.3.0)
  - Moya (15.0.0):
    - Moya/Core (= 15.0.0)
  - Moya/Combine (15.0.0):
    - Moya/Core
  - Moya/Core (15.0.0):
    - Alamofire (~> 5.0)
  - Realm (10.19.0):
    - Realm/Headers (= 10.19.0)
  - Realm/Headers (10.19.0)
  - RealmSwift (10.19.0):
    - Realm (= 10.19.0)
  - SnapKit (5.0.1)

DEPENDENCIES:
  - CombineCocoa (= 0.3.0)
  - Moya
  - Moya/Combine
  - RealmSwift
  - SnapKit

SPEC REPOS:
  trunk:
    - Alamofire
    - CombineCocoa
    - Moya
    - Realm
    - RealmSwift
    - SnapKit

SPEC CHECKSUMS:
  Alamofire: f3b09a368f1582ab751b3fff5460276e0d2cf5c9
  CombineCocoa: f9d1b5b786156e25357a2cc394449b279b5afc09
  Moya: 138f0573e53411fb3dc17016add0b748dfbd78ee
  Realm: 869ab2a7e3bdfa6bf06d8723251539f504e6f602
  RealmSwift: f1f51c4a02fe826e5cea623b5441992f06bdc942
  SnapKit: 97b92857e3df3a0c71833cce143274bf6ef8e5eb

PODFILE CHECKSUM: f6c22e32803f2fce9453d1e31219a60a27e54922

COCOAPODS: 1.11.2
