// !$*UTF8*$!
{
	archiveVersion = 1;
	classes = {
	};
	objectVersion = 54;
	objects = {

/* Begin PBXBuildFile section */
		1A34B2CF2266FE4A008242E7 /* Query.swift in Sources */ = {isa = PBXBuildFile; fileRef = 1A34B2C82266FE4A008242E7 /* Query.swift */; };
		1A34B2D32266FE4A008242E7 /* Settings.swift in Sources */ = {isa = PBXBuildFile; fileRef = 1A34B2CC2266FE4A008242E7 /* Settings.swift */; };
		1A34B2D42266FE4A008242E7 /* Database.swift in Sources */ = {isa = PBXBuildFile; fileRef = 1A34B2CD2266FE4A008242E7 /* Database.swift */; };
		1A34B2D52266FE4A008242E7 /* Word.swift in Sources */ = {isa = PBXBuildFile; fileRef = 1A34B2CE2266FE4A008242E7 /* Word.swift */; };
		1A5A789D28811C1B006D57CB /* InputAccessorView.swift in Sources */ = {isa = PBXBuildFile; fileRef = 1A5A789C28811C1A006D57CB /* InputAccessorView.swift */; };
		1A5AF84F27428F2A00AE578C /* Extensions+UIView.swift in Sources */ = {isa = PBXBuildFile; fileRef = 1A5AF84E27428F2A00AE578C /* Extensions+UIView.swift */; };
		1A5AF8532742A10C00AE578C /* SearchManager.swift in Sources */ = {isa = PBXBuildFile; fileRef = 1A5AF8522742A10C00AE578C /* SearchManager.swift */; };
		1A5AF8572742B49A00AE578C /* MainScene+ViewModel.swift in Sources */ = {isa = PBXBuildFile; fileRef = 1A5AF8562742B49A00AE578C /* MainScene+ViewModel.swift */; };
		1A5AF8602742E73900AE578C /* SearchResultRowView.swift in Sources */ = {isa = PBXBuildFile; fileRef = 1A5AF85F2742E73900AE578C /* SearchResultRowView.swift */; };
		1A5AF8662742E76000AE578C /* Reusable.swift in Sources */ = {isa = PBXBuildFile; fileRef = 1A5AF8652742E76000AE578C /* Reusable.swift */; };
		1A5AF8712742EB1A00AE578C /* Extensions+UITableViewCell.swift in Sources */ = {isa = PBXBuildFile; fileRef = 1A5AF8702742EB1A00AE578C /* Extensions+UITableViewCell.swift */; };
		1A5AF8842742F5E000AE578C /* SearchResultHeaderView.swift in Sources */ = {isa = PBXBuildFile; fileRef = 1A5AF8832742F5E000AE578C /* SearchResultHeaderView.swift */; };
		1A5AF8882742F7B000AE578C /* Extensions+UITableViewHeaderFooterView.swift in Sources */ = {isa = PBXBuildFile; fileRef = 1A5AF8872742F7B000AE578C /* Extensions+UITableViewHeaderFooterView.swift */; };
		1A5AF89A2743107500AE578C /* MainScene+Router.swift in Sources */ = {isa = PBXBuildFile; fileRef = 1A5AF8992743107500AE578C /* MainScene+Router.swift */; };
		1A5AF8A327437C6B00AE578C /* HistoryScene.swift in Sources */ = {isa = PBXBuildFile; fileRef = 1A5AF8A227437C6B00AE578C /* HistoryScene.swift */; };
		1A5AF8A727437CB400AE578C /* HistoryScene+Controller.swift in Sources */ = {isa = PBXBuildFile; fileRef = 1A5AF8A627437CB400AE578C /* HistoryScene+Controller.swift */; };
		1A5AF8AB27437CBE00AE578C /* HistoryScene+ViewModel.swift in Sources */ = {isa = PBXBuildFile; fileRef = 1A5AF8AA27437CBE00AE578C /* HistoryScene+ViewModel.swift */; };
		1A5AF8AF27437CC700AE578C /* HistoryScene+Router.swift in Sources */ = {isa = PBXBuildFile; fileRef = 1A5AF8AE27437CC700AE578C /* HistoryScene+Router.swift */; };
		1A5AF8B327437CDD00AE578C /* HistoryScene+Views.swift in Sources */ = {isa = PBXBuildFile; fileRef = 1A5AF8B227437CDD00AE578C /* HistoryScene+Views.swift */; };
		1A5AF8BC27437E2B00AE578C /* SceneTitleBar.swift in Sources */ = {isa = PBXBuildFile; fileRef = 1A5AF8BB27437E2B00AE578C /* SceneTitleBar.swift */; };
		1A5EC71C274020CA00FE4151 /* RealmManager.swift in Sources */ = {isa = PBXBuildFile; fileRef = 1A5EC71B274020CA00FE4151 /* RealmManager.swift */; };
		1A5EC72A2740711800FE4151 /* APIRequests.swift in Sources */ = {isa = PBXBuildFile; fileRef = 1A5EC7292740711800FE4151 /* APIRequests.swift */; };
		1A5EC7552740ED8000FE4151 /* APIResponses.swift in Sources */ = {isa = PBXBuildFile; fileRef = 1A5EC7542740ED8000FE4151 /* APIResponses.swift */; };
		1A5EC7642740F97200FE4151 /* Extensions+Combine.swift in Sources */ = {isa = PBXBuildFile; fileRef = 1A5EC7632740F97200FE4151 /* Extensions+Combine.swift */; };
		1A5EC7682740FB9600FE4151 /* MoyaNetworkManager.swift in Sources */ = {isa = PBXBuildFile; fileRef = 1A5EC7672740FB9600FE4151 /* MoyaNetworkManager.swift */; };
		1A5EC77327423D4900FE4151 /* DatabaseManager.swift in Sources */ = {isa = PBXBuildFile; fileRef = 1A5EC77227423D4900FE4151 /* DatabaseManager.swift */; };
		1A5EC77727423D5E00FE4151 /* QueryManager.swift in Sources */ = {isa = PBXBuildFile; fileRef = 1A5EC77627423D5E00FE4151 /* QueryManager.swift */; };
		1A5EC77B27423D7100FE4151 /* WordManager.swift in Sources */ = {isa = PBXBuildFile; fileRef = 1A5EC77A27423D7100FE4151 /* WordManager.swift */; };
		1A5EC79427424E6D00FE4151 /* MainScene.swift in Sources */ = {isa = PBXBuildFile; fileRef = 1A5EC79327424E6D00FE4151 /* MainScene.swift */; };
		1A5EC79827424F2D00FE4151 /* MainScene+Controller.swift in Sources */ = {isa = PBXBuildFile; fileRef = 1A5EC79727424F2D00FE4151 /* MainScene+Controller.swift */; };
		1A5EC79C2742502A00FE4151 /* SceneProtocol.swift in Sources */ = {isa = PBXBuildFile; fileRef = 1A5EC79B2742502A00FE4151 /* SceneProtocol.swift */; };
		1A5EC7A82742510600FE4151 /* Pinar-Bold.ttf in Resources */ = {isa = PBXBuildFile; fileRef = 1A5EC7A12742510500FE4151 /* Pinar-Bold.ttf */; };
		1A5EC7A92742510600FE4151 /* Pinar-Regular.ttf in Resources */ = {isa = PBXBuildFile; fileRef = 1A5EC7A22742510500FE4151 /* Pinar-Regular.ttf */; };
		1A5EC7AA2742510600FE4151 /* Pinar-Black.ttf in Resources */ = {isa = PBXBuildFile; fileRef = 1A5EC7A32742510500FE4151 /* Pinar-Black.ttf */; };
		1A5EC7AB2742510600FE4151 /* Pinar-SemiBold.ttf in Resources */ = {isa = PBXBuildFile; fileRef = 1A5EC7A42742510600FE4151 /* Pinar-SemiBold.ttf */; };
		1A5EC7AC2742510600FE4151 /* Pinar-ExtraBold.ttf in Resources */ = {isa = PBXBuildFile; fileRef = 1A5EC7A52742510600FE4151 /* Pinar-ExtraBold.ttf */; };
		1A5EC7AD2742510600FE4151 /* Pinar-Medium.ttf in Resources */ = {isa = PBXBuildFile; fileRef = 1A5EC7A62742510600FE4151 /* Pinar-Medium.ttf */; };
		1A5EC7AE2742510600FE4151 /* Pinar-Light.ttf in Resources */ = {isa = PBXBuildFile; fileRef = 1A5EC7A72742510600FE4151 /* Pinar-Light.ttf */; };
		1A5EC7B12742511500FE4151 /* Pinar-Black.ttf in Resources */ = {isa = PBXBuildFile; fileRef = 1A5EC7A32742510500FE4151 /* Pinar-Black.ttf */; };
		1A5EC7B22742511500FE4151 /* Pinar-Medium.ttf in Resources */ = {isa = PBXBuildFile; fileRef = 1A5EC7A62742510600FE4151 /* Pinar-Medium.ttf */; };
		1A5EC7B32742511500FE4151 /* Pinar-Regular.ttf in Resources */ = {isa = PBXBuildFile; fileRef = 1A5EC7A22742510500FE4151 /* Pinar-Regular.ttf */; };
		1A5EC7B42742511500FE4151 /* Pinar-Bold.ttf in Resources */ = {isa = PBXBuildFile; fileRef = 1A5EC7A12742510500FE4151 /* Pinar-Bold.ttf */; };
		1A5EC7B52742511500FE4151 /* Pinar-SemiBold.ttf in Resources */ = {isa = PBXBuildFile; fileRef = 1A5EC7A42742510600FE4151 /* Pinar-SemiBold.ttf */; };
		1A5EC7B62742511500FE4151 /* Pinar-Light.ttf in Resources */ = {isa = PBXBuildFile; fileRef = 1A5EC7A72742510600FE4151 /* Pinar-Light.ttf */; };
		1A5EC7B72742511500FE4151 /* Pinar-ExtraBold.ttf in Resources */ = {isa = PBXBuildFile; fileRef = 1A5EC7A52742510600FE4151 /* Pinar-ExtraBold.ttf */; };
		1A5EC7B82742511500FE4151 /* Pinar-Black.ttf in Resources */ = {isa = PBXBuildFile; fileRef = 1A5EC7A32742510500FE4151 /* Pinar-Black.ttf */; };
		1A5EC7B92742511500FE4151 /* Pinar-Medium.ttf in Resources */ = {isa = PBXBuildFile; fileRef = 1A5EC7A62742510600FE4151 /* Pinar-Medium.ttf */; };
		1A5EC7BA2742511500FE4151 /* Pinar-Regular.ttf in Resources */ = {isa = PBXBuildFile; fileRef = 1A5EC7A22742510500FE4151 /* Pinar-Regular.ttf */; };
		1A5EC7BB2742511500FE4151 /* Pinar-Bold.ttf in Resources */ = {isa = PBXBuildFile; fileRef = 1A5EC7A12742510500FE4151 /* Pinar-Bold.ttf */; };
		1A5EC7BC2742511500FE4151 /* Pinar-SemiBold.ttf in Resources */ = {isa = PBXBuildFile; fileRef = 1A5EC7A42742510600FE4151 /* Pinar-SemiBold.ttf */; };
		1A5EC7BD2742511500FE4151 /* Pinar-Light.ttf in Resources */ = {isa = PBXBuildFile; fileRef = 1A5EC7A72742510600FE4151 /* Pinar-Light.ttf */; };
		1A5EC7BE2742511500FE4151 /* Pinar-ExtraBold.ttf in Resources */ = {isa = PBXBuildFile; fileRef = 1A5EC7A52742510600FE4151 /* Pinar-ExtraBold.ttf */; };
		1A5EC7CD274253A000FE4151 /* MainScene+Views.swift in Sources */ = {isa = PBXBuildFile; fileRef = 1A5EC7CC274253A000FE4151 /* MainScene+Views.swift */; };
		1A6929DD226851C2001171B6 /* VazheganFramework.framework in Frameworks */ = {isa = PBXBuildFile; fileRef = 1AFED0852265ABAD009EE7E2 /* VazheganFramework.framework */; };
		1A6929DF2268530B001171B6 /* MainController.swift in Sources */ = {isa = PBXBuildFile; fileRef = 1A6929DE2268530B001171B6 /* MainController.swift */; };
		1A6929E322685D98001171B6 /* Extensions+Sequence.swift in Sources */ = {isa = PBXBuildFile; fileRef = 1A6929E222685D98001171B6 /* Extensions+Sequence.swift */; };
		1A6929E722685E4E001171B6 /* Extensions+String.swift in Sources */ = {isa = PBXBuildFile; fileRef = 1A6929E622685E4E001171B6 /* Extensions+String.swift */; };
		1A6929EA22685E6E001171B6 /* Extensions+Realm.swift in Sources */ = {isa = PBXBuildFile; fileRef = 1A6929E922685E6E001171B6 /* Extensions+Realm.swift */; };
		1A70CAD41E2A4C2E008D768B /* AppDelegate.swift in Sources */ = {isa = PBXBuildFile; fileRef = 1A70CAD31E2A4C2E008D768B /* AppDelegate.swift */; };
		1A70CADE1E2A4C2F008D768B /* Assets.xcassets in Resources */ = {isa = PBXBuildFile; fileRef = 1A70CADD1E2A4C2F008D768B /* Assets.xcassets */; };
		1A70CAE11E2A4C2F008D768B /* LaunchScreen.storyboard in Resources */ = {isa = PBXBuildFile; fileRef = 1A70CADF1E2A4C2F008D768B /* LaunchScreen.storyboard */; };
		1A7F8122211EEC0E004BA888 /* VazheganActionExtension.appex in Embed Foundation Extensions */ = {isa = PBXBuildFile; fileRef = 1A7F8118211EEC0E004BA888 /* VazheganActionExtension.appex */; settings = {ATTRIBUTES = (RemoveHeadersOnCopy, ); }; };
		1A7F8158211F0DF3004BA888 /* Assets.xcassets in Resources */ = {isa = PBXBuildFile; fileRef = 1A7F8157211F0DF3004BA888 /* Assets.xcassets */; };
		1A99B0A02524954C003F7B01 /* NetworkManager.swift in Sources */ = {isa = PBXBuildFile; fileRef = 1A99B09F2524954C003F7B01 /* NetworkManager.swift */; };
		1A99B0A62524956E003F7B01 /* VajeyabService.swift in Sources */ = {isa = PBXBuildFile; fileRef = 1A99B0A52524956E003F7B01 /* VajeyabService.swift */; };
		1A99B0CA2524A2AE003F7B01 /* Vazhegan.swift in Sources */ = {isa = PBXBuildFile; fileRef = 1A99B0C92524A2AE003F7B01 /* Vazhegan.swift */; };
		1AA27CDF27456ED5005A6016 /* AboutScene+Router.swift in Sources */ = {isa = PBXBuildFile; fileRef = 1AA27CDE27456ED5005A6016 /* AboutScene+Router.swift */; };
		1AA27CE527464464005A6016 /* Extensions+UIStackView.swift in Sources */ = {isa = PBXBuildFile; fileRef = 1AA27CE427464464005A6016 /* Extensions+UIStackView.swift */; };
		1AA27CF427465D78005A6016 /* Extensions+UITableView.swift in Sources */ = {isa = PBXBuildFile; fileRef = 1AB1E3912527E19600BD9B45 /* Extensions+UITableView.swift */; };
		1AA27CF727465D7D005A6016 /* Extensions+UITableViewCell.swift in Sources */ = {isa = PBXBuildFile; fileRef = 1A5AF8702742EB1A00AE578C /* Extensions+UITableViewCell.swift */; };
		1AA27CF827465D7F005A6016 /* Extensions+UITableViewHeaderFooterView.swift in Sources */ = {isa = PBXBuildFile; fileRef = 1A5AF8872742F7B000AE578C /* Extensions+UITableViewHeaderFooterView.swift */; };
		1AA27CF927465D83005A6016 /* Extensions+UIFont.swift in Sources */ = {isa = PBXBuildFile; fileRef = 1AB1E3B12528908E00BD9B45 /* Extensions+UIFont.swift */; };
		1AA27CFC27465D93005A6016 /* Reusable.swift in Sources */ = {isa = PBXBuildFile; fileRef = 1A5AF8652742E76000AE578C /* Reusable.swift */; };
		1AA27D0027465E6A005A6016 /* ViewModel.swift in Sources */ = {isa = PBXBuildFile; fileRef = 1AA27CFF27465E6A005A6016 /* ViewModel.swift */; };
		1AA27D06274661A6005A6016 /* SearchResultRowView.swift in Sources */ = {isa = PBXBuildFile; fileRef = 1A5AF85F2742E73900AE578C /* SearchResultRowView.swift */; };
		1AA27D0C274661CF005A6016 /* Extensions+UIStackView.swift in Sources */ = {isa = PBXBuildFile; fileRef = 1AA27CE427464464005A6016 /* Extensions+UIStackView.swift */; };
		1AA27D0F274661E3005A6016 /* Extensions+UIView.swift in Sources */ = {isa = PBXBuildFile; fileRef = 1A5AF84E27428F2A00AE578C /* Extensions+UIView.swift */; };
		1AA27D28274664F6005A6016 /* SearchResultHeaderView.swift in Sources */ = {isa = PBXBuildFile; fileRef = 1A5AF8832742F5E000AE578C /* SearchResultHeaderView.swift */; };
		1AB1E3922527E19600BD9B45 /* Extensions+UITableView.swift in Sources */ = {isa = PBXBuildFile; fileRef = 1AB1E3912527E19600BD9B45 /* Extensions+UITableView.swift */; };
		1AB1E3AA252887B400BD9B45 /* BackgroundMessageView.swift in Sources */ = {isa = PBXBuildFile; fileRef = 1AB1E3A9252887B400BD9B45 /* BackgroundMessageView.swift */; };
		1AB1E3B22528908E00BD9B45 /* Extensions+UIFont.swift in Sources */ = {isa = PBXBuildFile; fileRef = 1AB1E3B12528908E00BD9B45 /* Extensions+UIFont.swift */; };
		1AD2710B2744094300B16BEE /* WordScene.swift in Sources */ = {isa = PBXBuildFile; fileRef = 1AD2710A2744094300B16BEE /* WordScene.swift */; };
		1AD271122744096500B16BEE /* WordScene+Controller.swift in Sources */ = {isa = PBXBuildFile; fileRef = 1AD271112744096500B16BEE /* WordScene+Controller.swift */; };
		1AD27116274409DD00B16BEE /* WordScene+Views.swift in Sources */ = {isa = PBXBuildFile; fileRef = 1AD27115274409DD00B16BEE /* WordScene+Views.swift */; };
		1AD2711A274415FB00B16BEE /* WordScene+ViewModel.swift in Sources */ = {isa = PBXBuildFile; fileRef = 1AD27119274415FB00B16BEE /* WordScene+ViewModel.swift */; };
		1AD2711E2744185500B16BEE /* WordScene+Router.swift in Sources */ = {isa = PBXBuildFile; fileRef = 1AD2711D2744185500B16BEE /* WordScene+Router.swift */; };
		1AD271242744597200B16BEE /* MyWordsScene.swift in Sources */ = {isa = PBXBuildFile; fileRef = 1AD271232744597200B16BEE /* MyWordsScene.swift */; };
		1AD2712B2744599400B16BEE /* MyWordsScene+Controller.swift in Sources */ = {isa = PBXBuildFile; fileRef = 1AD2712A2744599400B16BEE /* MyWordsScene+Controller.swift */; };
		1AD2712F274459A600B16BEE /* MyWordsScene+ViewModel.swift in Sources */ = {isa = PBXBuildFile; fileRef = 1AD2712E274459A600B16BEE /* MyWordsScene+ViewModel.swift */; };
		1AD27135274459B700B16BEE /* MyWordsScene+Router.swift in Sources */ = {isa = PBXBuildFile; fileRef = 1AD27134274459B700B16BEE /* MyWordsScene+Router.swift */; };
		1AD2713927455E5200B16BEE /* DatabasesScene.swift in Sources */ = {isa = PBXBuildFile; fileRef = 1AD2713827455E5200B16BEE /* DatabasesScene.swift */; };
		1AD2713F27455E6E00B16BEE /* DatabasesScene+Controller.swift in Sources */ = {isa = PBXBuildFile; fileRef = 1AD2713E27455E6E00B16BEE /* DatabasesScene+Controller.swift */; };
		1AD2714627455E8500B16BEE /* DatabasesScene+ViewModel.swift in Sources */ = {isa = PBXBuildFile; fileRef = 1AD2714527455E8500B16BEE /* DatabasesScene+ViewModel.swift */; };
		1AD2714A27455E9600B16BEE /* DatabasesScene+Router.swift in Sources */ = {isa = PBXBuildFile; fileRef = 1AD2714927455E9600B16BEE /* DatabasesScene+Router.swift */; };
		1AD2714E27455EA200B16BEE /* DatabasesScene+Views.swift in Sources */ = {isa = PBXBuildFile; fileRef = 1AD2714D27455EA200B16BEE /* DatabasesScene+Views.swift */; };
		1AD2715827456DD600B16BEE /* AboutScene.swift in Sources */ = {isa = PBXBuildFile; fileRef = 1AD2715727456DD600B16BEE /* AboutScene.swift */; };
		1AD2716027456DE100B16BEE /* AboutScene+ViewModel.swift in Sources */ = {isa = PBXBuildFile; fileRef = 1AD2715E27456DE100B16BEE /* AboutScene+ViewModel.swift */; };
		1AD2716127456DE100B16BEE /* AboutScene+Controller.swift in Sources */ = {isa = PBXBuildFile; fileRef = 1AD2715D27456DE100B16BEE /* AboutScene+Controller.swift */; };
		1AD315F728E62734002E53F9 /* Extensions+String.swift in Sources */ = {isa = PBXBuildFile; fileRef = 1AD315F628E62734002E53F9 /* Extensions+String.swift */; };
		1AD315FC28E9A23D002E53F9 /* AboutScene.stringsdict in Resources */ = {isa = PBXBuildFile; fileRef = 1AD315FB28E9A23D002E53F9 /* AboutScene.stringsdict */; };
		1AD3160128E9B5B1002E53F9 /* R.generated.swift in Sources */ = {isa = PBXBuildFile; fileRef = 1AD3160028E9B5B0002E53F9 /* R.generated.swift */; };
		1AD3160328E9B834002E53F9 /* Extensions+UIColor.swift in Sources */ = {isa = PBXBuildFile; fileRef = 1AD3160228E9B834002E53F9 /* Extensions+UIColor.swift */; };
		1AD3160528E9BDB9002E53F9 /* DatabasesScene.stringsdict in Resources */ = {isa = PBXBuildFile; fileRef = 1AD3160428E9BDB9002E53F9 /* DatabasesScene.stringsdict */; };
		1AD3160728E9BF49002E53F9 /* MyWordsScene.stringsdict in Resources */ = {isa = PBXBuildFile; fileRef = 1AD3160628E9BF49002E53F9 /* MyWordsScene.stringsdict */; };
		1AD3160928E9C256002E53F9 /* WordScene.stringsdict in Resources */ = {isa = PBXBuildFile; fileRef = 1AD3160828E9C256002E53F9 /* WordScene.stringsdict */; };
		1AD3160B28E9CA21002E53F9 /* HistoryScene.stringsdict in Resources */ = {isa = PBXBuildFile; fileRef = 1AD3160A28E9CA21002E53F9 /* HistoryScene.stringsdict */; };
		1AD3160D28E9CC2C002E53F9 /* MainScene.stringsdict in Resources */ = {isa = PBXBuildFile; fileRef = 1AD3160C28E9CC2C002E53F9 /* MainScene.stringsdict */; };
		1AE68A7228E453E9009B7718 /* Extensions+NSAttributedString.swift in Sources */ = {isa = PBXBuildFile; fileRef = 1AE68A7128E453E9009B7718 /* Extensions+NSAttributedString.swift */; };
		1AE95F252752A81C00B69212 /* SceneController.swift in Sources */ = {isa = PBXBuildFile; fileRef = 1AE95F242752A81C00B69212 /* SceneController.swift */; };
		1AE95F2D2752ABAF00B69212 /* SceneViewModel.swift in Sources */ = {isa = PBXBuildFile; fileRef = 1AE95F2C2752ABAF00B69212 /* SceneViewModel.swift */; };
		1AE95F312752ABCC00B69212 /* SceneRouter.swift in Sources */ = {isa = PBXBuildFile; fileRef = 1AE95F302752ABCC00B69212 /* SceneRouter.swift */; };
		1AFED0892265ABAD009EE7E2 /* VazheganFramework.h in Headers */ = {isa = PBXBuildFile; fileRef = 1AFED0872265ABAD009EE7E2 /* VazheganFramework.h */; settings = {ATTRIBUTES = (Public, ); }; };
		1AFED08C2265ABAD009EE7E2 /* VazheganFramework.framework in Frameworks */ = {isa = PBXBuildFile; fileRef = 1AFED0852265ABAD009EE7E2 /* VazheganFramework.framework */; };
		1AFED08D2265ABAD009EE7E2 /* VazheganFramework.framework in Embed Frameworks */ = {isa = PBXBuildFile; fileRef = 1AFED0852265ABAD009EE7E2 /* VazheganFramework.framework */; settings = {ATTRIBUTES = (CodeSignOnCopy, RemoveHeadersOnCopy, ); }; };
		1B95F26E02AF907B204A6649 /* Pods_Vazhegan.framework in Frameworks */ = {isa = PBXBuildFile; fileRef = C0FC7F245AAFDE035A8CD0CC /* Pods_Vazhegan.framework */; };
		AFD406E874F1A0ABCA217FA1 /* Pods_VazheganActionExtension.framework in Frameworks */ = {isa = PBXBuildFile; fileRef = 27497B15C30FA7D2DFBB1921 /* Pods_VazheganActionExtension.framework */; };
		D3B519AA91A801BC8C1782D1 /* Pods_VazheganFramework.framework in Frameworks */ = {isa = PBXBuildFile; fileRef = B277D22C0CD3097944A627E2 /* Pods_VazheganFramework.framework */; };
/* End PBXBuildFile section */

/* Begin PBXContainerItemProxy section */
		1A7F8120211EEC0E004BA888 /* PBXContainerItemProxy */ = {
			isa = PBXContainerItemProxy;
			containerPortal = 1A70CAC81E2A4C2D008D768B /* Project object */;
			proxyType = 1;
			remoteGlobalIDString = 1A7F8117211EEC0E004BA888;
			remoteInfo = VazheganActionExtension;
		};
		1AFED08A2265ABAD009EE7E2 /* PBXContainerItemProxy */ = {
			isa = PBXContainerItemProxy;
			containerPortal = 1A70CAC81E2A4C2D008D768B /* Project object */;
			proxyType = 1;
			remoteGlobalIDString = 1AFED0842265ABAD009EE7E2;
			remoteInfo = VazheganFramework;
		};
/* End PBXContainerItemProxy section */

/* Begin PBXCopyFilesBuildPhase section */
		1A7F810E211EEAB2004BA888 /* Embed Frameworks */ = {
			isa = PBXCopyFilesBuildPhase;
			buildActionMask = 2147483647;
			dstPath = "";
			dstSubfolderSpec = 10;
			files = (
				1AFED08D2265ABAD009EE7E2 /* VazheganFramework.framework in Embed Frameworks */,
			);
			name = "Embed Frameworks";
			runOnlyForDeploymentPostprocessing = 0;
		};
		1A7F8126211EEC0E004BA888 /* Embed Foundation Extensions */ = {
			isa = PBXCopyFilesBuildPhase;
			buildActionMask = 2147483647;
			dstPath = "";
			dstSubfolderSpec = 13;
			files = (
				1A7F8122211EEC0E004BA888 /* VazheganActionExtension.appex in Embed Foundation Extensions */,
			);
			name = "Embed Foundation Extensions";
			runOnlyForDeploymentPostprocessing = 0;
		};
/* End PBXCopyFilesBuildPhase section */

/* Begin PBXFileReference section */
		08153BD981757E6B814D2F43 /* Pods-VazheganActionExtension.debug.xcconfig */ = {isa = PBXFileReference; includeInIndex = 1; lastKnownFileType = text.xcconfig; name = "Pods-VazheganActionExtension.debug.xcconfig"; path = "Pods/Target Support Files/Pods-VazheganActionExtension/Pods-VazheganActionExtension.debug.xcconfig"; sourceTree = "<group>"; };
		1A34B2C82266FE4A008242E7 /* Query.swift */ = {isa = PBXFileReference; fileEncoding = 4; lastKnownFileType = sourcecode.swift; path = Query.swift; sourceTree = "<group>"; };
		1A34B2CC2266FE4A008242E7 /* Settings.swift */ = {isa = PBXFileReference; fileEncoding = 4; lastKnownFileType = sourcecode.swift; path = Settings.swift; sourceTree = "<group>"; };
		1A34B2CD2266FE4A008242E7 /* Database.swift */ = {isa = PBXFileReference; fileEncoding = 4; lastKnownFileType = sourcecode.swift; path = Database.swift; sourceTree = "<group>"; };
		1A34B2CE2266FE4A008242E7 /* Word.swift */ = {isa = PBXFileReference; fileEncoding = 4; lastKnownFileType = sourcecode.swift; path = Word.swift; sourceTree = "<group>"; };
		1A5A789C28811C1A006D57CB /* InputAccessorView.swift */ = {isa = PBXFileReference; lastKnownFileType = sourcecode.swift; path = InputAccessorView.swift; sourceTree = "<group>"; };
		1A5AF844274283DD00AE578C /* fa-IR */ = {isa = PBXFileReference; lastKnownFileType = file.storyboard; name = "fa-IR"; path = "fa-IR.lproj/LaunchScreen.storyboard"; sourceTree = "<group>"; };
		1A5AF84E27428F2A00AE578C /* Extensions+UIView.swift */ = {isa = PBXFileReference; lastKnownFileType = sourcecode.swift; path = "Extensions+UIView.swift"; sourceTree = "<group>"; };
		1A5AF8522742A10C00AE578C /* SearchManager.swift */ = {isa = PBXFileReference; lastKnownFileType = sourcecode.swift; path = SearchManager.swift; sourceTree = "<group>"; };
		1A5AF8562742B49A00AE578C /* MainScene+ViewModel.swift */ = {isa = PBXFileReference; lastKnownFileType = sourcecode.swift; path = "MainScene+ViewModel.swift"; sourceTree = "<group>"; };
		1A5AF85F2742E73900AE578C /* SearchResultRowView.swift */ = {isa = PBXFileReference; lastKnownFileType = sourcecode.swift; path = SearchResultRowView.swift; sourceTree = "<group>"; };
		1A5AF8652742E76000AE578C /* Reusable.swift */ = {isa = PBXFileReference; lastKnownFileType = sourcecode.swift; path = Reusable.swift; sourceTree = "<group>"; };
		1A5AF8702742EB1A00AE578C /* Extensions+UITableViewCell.swift */ = {isa = PBXFileReference; lastKnownFileType = sourcecode.swift; path = "Extensions+UITableViewCell.swift"; sourceTree = "<group>"; };
		1A5AF8832742F5E000AE578C /* SearchResultHeaderView.swift */ = {isa = PBXFileReference; lastKnownFileType = sourcecode.swift; path = SearchResultHeaderView.swift; sourceTree = "<group>"; };
		1A5AF8872742F7B000AE578C /* Extensions+UITableViewHeaderFooterView.swift */ = {isa = PBXFileReference; lastKnownFileType = sourcecode.swift; path = "Extensions+UITableViewHeaderFooterView.swift"; sourceTree = "<group>"; };
		1A5AF8992743107500AE578C /* MainScene+Router.swift */ = {isa = PBXFileReference; lastKnownFileType = sourcecode.swift; path = "MainScene+Router.swift"; sourceTree = "<group>"; };
		1A5AF8A227437C6B00AE578C /* HistoryScene.swift */ = {isa = PBXFileReference; lastKnownFileType = sourcecode.swift; path = HistoryScene.swift; sourceTree = "<group>"; };
		1A5AF8A627437CB400AE578C /* HistoryScene+Controller.swift */ = {isa = PBXFileReference; lastKnownFileType = sourcecode.swift; path = "HistoryScene+Controller.swift"; sourceTree = "<group>"; };
		1A5AF8AA27437CBE00AE578C /* HistoryScene+ViewModel.swift */ = {isa = PBXFileReference; lastKnownFileType = sourcecode.swift; path = "HistoryScene+ViewModel.swift"; sourceTree = "<group>"; };
		1A5AF8AE27437CC700AE578C /* HistoryScene+Router.swift */ = {isa = PBXFileReference; lastKnownFileType = sourcecode.swift; path = "HistoryScene+Router.swift"; sourceTree = "<group>"; };
		1A5AF8B227437CDD00AE578C /* HistoryScene+Views.swift */ = {isa = PBXFileReference; lastKnownFileType = sourcecode.swift; path = "HistoryScene+Views.swift"; sourceTree = "<group>"; };
		1A5AF8BB27437E2B00AE578C /* SceneTitleBar.swift */ = {isa = PBXFileReference; lastKnownFileType = sourcecode.swift; path = SceneTitleBar.swift; sourceTree = "<group>"; };
		1A5EC71B274020CA00FE4151 /* RealmManager.swift */ = {isa = PBXFileReference; lastKnownFileType = sourcecode.swift; path = RealmManager.swift; sourceTree = "<group>"; };
		1A5EC7292740711800FE4151 /* APIRequests.swift */ = {isa = PBXFileReference; lastKnownFileType = sourcecode.swift; path = APIRequests.swift; sourceTree = "<group>"; };
		1A5EC7542740ED8000FE4151 /* APIResponses.swift */ = {isa = PBXFileReference; lastKnownFileType = sourcecode.swift; path = APIResponses.swift; sourceTree = "<group>"; };
		1A5EC7632740F97200FE4151 /* Extensions+Combine.swift */ = {isa = PBXFileReference; lastKnownFileType = sourcecode.swift; path = "Extensions+Combine.swift"; sourceTree = "<group>"; };
		1A5EC7672740FB9600FE4151 /* MoyaNetworkManager.swift */ = {isa = PBXFileReference; lastKnownFileType = sourcecode.swift; path = MoyaNetworkManager.swift; sourceTree = "<group>"; };
		1A5EC77227423D4900FE4151 /* DatabaseManager.swift */ = {isa = PBXFileReference; lastKnownFileType = sourcecode.swift; path = DatabaseManager.swift; sourceTree = "<group>"; };
		1A5EC77627423D5E00FE4151 /* QueryManager.swift */ = {isa = PBXFileReference; lastKnownFileType = sourcecode.swift; path = QueryManager.swift; sourceTree = "<group>"; };
		1A5EC77A27423D7100FE4151 /* WordManager.swift */ = {isa = PBXFileReference; lastKnownFileType = sourcecode.swift; path = WordManager.swift; sourceTree = "<group>"; };
		1A5EC79327424E6D00FE4151 /* MainScene.swift */ = {isa = PBXFileReference; lastKnownFileType = sourcecode.swift; path = MainScene.swift; sourceTree = "<group>"; };
		1A5EC79727424F2D00FE4151 /* MainScene+Controller.swift */ = {isa = PBXFileReference; lastKnownFileType = sourcecode.swift; path = "MainScene+Controller.swift"; sourceTree = "<group>"; };
		1A5EC79B2742502A00FE4151 /* SceneProtocol.swift */ = {isa = PBXFileReference; lastKnownFileType = sourcecode.swift; path = SceneProtocol.swift; sourceTree = "<group>"; };
		1A5EC7A12742510500FE4151 /* Pinar-Bold.ttf */ = {isa = PBXFileReference; lastKnownFileType = file; path = "Pinar-Bold.ttf"; sourceTree = "<group>"; };
		1A5EC7A22742510500FE4151 /* Pinar-Regular.ttf */ = {isa = PBXFileReference; lastKnownFileType = file; path = "Pinar-Regular.ttf"; sourceTree = "<group>"; };
		1A5EC7A32742510500FE4151 /* Pinar-Black.ttf */ = {isa = PBXFileReference; lastKnownFileType = file; path = "Pinar-Black.ttf"; sourceTree = "<group>"; };
		1A5EC7A42742510600FE4151 /* Pinar-SemiBold.ttf */ = {isa = PBXFileReference; lastKnownFileType = file; path = "Pinar-SemiBold.ttf"; sourceTree = "<group>"; };
		1A5EC7A52742510600FE4151 /* Pinar-ExtraBold.ttf */ = {isa = PBXFileReference; lastKnownFileType = file; path = "Pinar-ExtraBold.ttf"; sourceTree = "<group>"; };
		1A5EC7A62742510600FE4151 /* Pinar-Medium.ttf */ = {isa = PBXFileReference; lastKnownFileType = file; path = "Pinar-Medium.ttf"; sourceTree = "<group>"; };
		1A5EC7A72742510600FE4151 /* Pinar-Light.ttf */ = {isa = PBXFileReference; lastKnownFileType = file; path = "Pinar-Light.ttf"; sourceTree = "<group>"; };
		1A5EC7CC274253A000FE4151 /* MainScene+Views.swift */ = {isa = PBXFileReference; lastKnownFileType = sourcecode.swift; path = "MainScene+Views.swift"; sourceTree = "<group>"; };
		1A6929DE2268530B001171B6 /* MainController.swift */ = {isa = PBXFileReference; fileEncoding = 4; lastKnownFileType = sourcecode.swift; path = MainController.swift; sourceTree = "<group>"; };
		1A6929E022685A64001171B6 /* SPStorkController.framework */ = {isa = PBXFileReference; explicitFileType = wrapper.framework; path = SPStorkController.framework; sourceTree = BUILT_PRODUCTS_DIR; };
		1A6929E222685D98001171B6 /* Extensions+Sequence.swift */ = {isa = PBXFileReference; lastKnownFileType = sourcecode.swift; path = "Extensions+Sequence.swift"; sourceTree = "<group>"; };
		1A6929E622685E4E001171B6 /* Extensions+String.swift */ = {isa = PBXFileReference; lastKnownFileType = sourcecode.swift; path = "Extensions+String.swift"; sourceTree = "<group>"; };
		1A6929E922685E6E001171B6 /* Extensions+Realm.swift */ = {isa = PBXFileReference; lastKnownFileType = sourcecode.swift; path = "Extensions+Realm.swift"; sourceTree = "<group>"; };
		1A692A012268787D001171B6 /* VazheganActionExtension.entitlements */ = {isa = PBXFileReference; lastKnownFileType = text.plist.entitlements; path = VazheganActionExtension.entitlements; sourceTree = "<group>"; };
		1A70CAD01E2A4C2E008D768B /* Vazhegan.app */ = {isa = PBXFileReference; explicitFileType = wrapper.application; includeInIndex = 0; path = Vazhegan.app; sourceTree = BUILT_PRODUCTS_DIR; };
		1A70CAD31E2A4C2E008D768B /* AppDelegate.swift */ = {isa = PBXFileReference; lastKnownFileType = sourcecode.swift; path = AppDelegate.swift; sourceTree = "<group>"; };
		1A70CADD1E2A4C2F008D768B /* Assets.xcassets */ = {isa = PBXFileReference; lastKnownFileType = folder.assetcatalog; path = Assets.xcassets; sourceTree = "<group>"; };
		1A70CAE21E2A4C2F008D768B /* Info.plist */ = {isa = PBXFileReference; lastKnownFileType = text.plist.xml; path = Info.plist; sourceTree = "<group>"; };
		1A7F8118211EEC0E004BA888 /* VazheganActionExtension.appex */ = {isa = PBXFileReference; explicitFileType = "wrapper.app-extension"; includeInIndex = 0; path = VazheganActionExtension.appex; sourceTree = BUILT_PRODUCTS_DIR; };
		1A7F811F211EEC0E004BA888 /* Info.plist */ = {isa = PBXFileReference; lastKnownFileType = text.plist.xml; path = Info.plist; sourceTree = "<group>"; };
		1A7F8157211F0DF3004BA888 /* Assets.xcassets */ = {isa = PBXFileReference; lastKnownFileType = folder.assetcatalog; path = Assets.xcassets; sourceTree = "<group>"; };
		1A890185211F570500429CA7 /* README.md */ = {isa = PBXFileReference; lastKnownFileType = net.daringfireball.markdown; path = README.md; sourceTree = "<group>"; };
		1A99B09F2524954C003F7B01 /* NetworkManager.swift */ = {isa = PBXFileReference; lastKnownFileType = sourcecode.swift; path = NetworkManager.swift; sourceTree = "<group>"; };
		1A99B0A52524956E003F7B01 /* VajeyabService.swift */ = {isa = PBXFileReference; lastKnownFileType = sourcecode.swift; path = VajeyabService.swift; sourceTree = "<group>"; };
		1A99B0C92524A2AE003F7B01 /* Vazhegan.swift */ = {isa = PBXFileReference; lastKnownFileType = sourcecode.swift; path = Vazhegan.swift; sourceTree = "<group>"; };
		1AA27CDE27456ED5005A6016 /* AboutScene+Router.swift */ = {isa = PBXFileReference; lastKnownFileType = sourcecode.swift; path = "AboutScene+Router.swift"; sourceTree = "<group>"; };
		1AA27CE427464464005A6016 /* Extensions+UIStackView.swift */ = {isa = PBXFileReference; lastKnownFileType = sourcecode.swift; path = "Extensions+UIStackView.swift"; sourceTree = "<group>"; };
		1AA27CFF27465E6A005A6016 /* ViewModel.swift */ = {isa = PBXFileReference; lastKnownFileType = sourcecode.swift; path = ViewModel.swift; sourceTree = "<group>"; };
		1AB1E3912527E19600BD9B45 /* Extensions+UITableView.swift */ = {isa = PBXFileReference; lastKnownFileType = sourcecode.swift; path = "Extensions+UITableView.swift"; sourceTree = "<group>"; };
		1AB1E3A9252887B400BD9B45 /* BackgroundMessageView.swift */ = {isa = PBXFileReference; lastKnownFileType = sourcecode.swift; path = BackgroundMessageView.swift; sourceTree = "<group>"; };
		1AB1E3B12528908E00BD9B45 /* Extensions+UIFont.swift */ = {isa = PBXFileReference; lastKnownFileType = sourcecode.swift; path = "Extensions+UIFont.swift"; sourceTree = "<group>"; };
		1AD2710A2744094300B16BEE /* WordScene.swift */ = {isa = PBXFileReference; lastKnownFileType = sourcecode.swift; path = WordScene.swift; sourceTree = "<group>"; };
		1AD271112744096500B16BEE /* WordScene+Controller.swift */ = {isa = PBXFileReference; lastKnownFileType = sourcecode.swift; path = "WordScene+Controller.swift"; sourceTree = "<group>"; };
		1AD27115274409DD00B16BEE /* WordScene+Views.swift */ = {isa = PBXFileReference; lastKnownFileType = sourcecode.swift; path = "WordScene+Views.swift"; sourceTree = "<group>"; };
		1AD27119274415FB00B16BEE /* WordScene+ViewModel.swift */ = {isa = PBXFileReference; lastKnownFileType = sourcecode.swift; path = "WordScene+ViewModel.swift"; sourceTree = "<group>"; };
		1AD2711D2744185500B16BEE /* WordScene+Router.swift */ = {isa = PBXFileReference; lastKnownFileType = sourcecode.swift; path = "WordScene+Router.swift"; sourceTree = "<group>"; };
		1AD271232744597200B16BEE /* MyWordsScene.swift */ = {isa = PBXFileReference; lastKnownFileType = sourcecode.swift; path = MyWordsScene.swift; sourceTree = "<group>"; };
		1AD2712A2744599400B16BEE /* MyWordsScene+Controller.swift */ = {isa = PBXFileReference; lastKnownFileType = sourcecode.swift; path = "MyWordsScene+Controller.swift"; sourceTree = "<group>"; };
		1AD2712E274459A600B16BEE /* MyWordsScene+ViewModel.swift */ = {isa = PBXFileReference; lastKnownFileType = sourcecode.swift; path = "MyWordsScene+ViewModel.swift"; sourceTree = "<group>"; };
		1AD27134274459B700B16BEE /* MyWordsScene+Router.swift */ = {isa = PBXFileReference; lastKnownFileType = sourcecode.swift; path = "MyWordsScene+Router.swift"; sourceTree = "<group>"; };
		1AD2713827455E5200B16BEE /* DatabasesScene.swift */ = {isa = PBXFileReference; lastKnownFileType = sourcecode.swift; path = DatabasesScene.swift; sourceTree = "<group>"; };
		1AD2713E27455E6E00B16BEE /* DatabasesScene+Controller.swift */ = {isa = PBXFileReference; lastKnownFileType = sourcecode.swift; path = "DatabasesScene+Controller.swift"; sourceTree = "<group>"; };
		1AD2714527455E8500B16BEE /* DatabasesScene+ViewModel.swift */ = {isa = PBXFileReference; lastKnownFileType = sourcecode.swift; path = "DatabasesScene+ViewModel.swift"; sourceTree = "<group>"; };
		1AD2714927455E9600B16BEE /* DatabasesScene+Router.swift */ = {isa = PBXFileReference; lastKnownFileType = sourcecode.swift; path = "DatabasesScene+Router.swift"; sourceTree = "<group>"; };
		1AD2714D27455EA200B16BEE /* DatabasesScene+Views.swift */ = {isa = PBXFileReference; lastKnownFileType = sourcecode.swift; path = "DatabasesScene+Views.swift"; sourceTree = "<group>"; };
		1AD2715727456DD600B16BEE /* AboutScene.swift */ = {isa = PBXFileReference; lastKnownFileType = sourcecode.swift; path = AboutScene.swift; sourceTree = "<group>"; };
		1AD2715D27456DE100B16BEE /* AboutScene+Controller.swift */ = {isa = PBXFileReference; lastKnownFileType = sourcecode.swift; path = "AboutScene+Controller.swift"; sourceTree = "<group>"; };
		1AD2715E27456DE100B16BEE /* AboutScene+ViewModel.swift */ = {isa = PBXFileReference; lastKnownFileType = sourcecode.swift; path = "AboutScene+ViewModel.swift"; sourceTree = "<group>"; };
		1AD315F628E62734002E53F9 /* Extensions+String.swift */ = {isa = PBXFileReference; lastKnownFileType = sourcecode.swift; path = "Extensions+String.swift"; sourceTree = "<group>"; };
		1AD315FB28E9A23D002E53F9 /* AboutScene.stringsdict */ = {isa = PBXFileReference; lastKnownFileType = text.plist.stringsdict; path = AboutScene.stringsdict; sourceTree = "<group>"; };
		1AD3160028E9B5B0002E53F9 /* R.generated.swift */ = {isa = PBXFileReference; fileEncoding = 4; lastKnownFileType = sourcecode.swift; path = R.generated.swift; sourceTree = "<group>"; };
		1AD3160228E9B834002E53F9 /* Extensions+UIColor.swift */ = {isa = PBXFileReference; lastKnownFileType = sourcecode.swift; path = "Extensions+UIColor.swift"; sourceTree = "<group>"; };
		1AD3160428E9BDB9002E53F9 /* DatabasesScene.stringsdict */ = {isa = PBXFileReference; lastKnownFileType = text.plist.stringsdict; path = DatabasesScene.stringsdict; sourceTree = "<group>"; };
		1AD3160628E9BF49002E53F9 /* MyWordsScene.stringsdict */ = {isa = PBXFileReference; lastKnownFileType = text.plist.stringsdict; path = MyWordsScene.stringsdict; sourceTree = "<group>"; };
		1AD3160828E9C256002E53F9 /* WordScene.stringsdict */ = {isa = PBXFileReference; lastKnownFileType = text.plist.stringsdict; path = WordScene.stringsdict; sourceTree = "<group>"; };
		1AD3160A28E9CA21002E53F9 /* HistoryScene.stringsdict */ = {isa = PBXFileReference; lastKnownFileType = text.plist.stringsdict; path = HistoryScene.stringsdict; sourceTree = "<group>"; };
		1AD3160C28E9CC2C002E53F9 /* MainScene.stringsdict */ = {isa = PBXFileReference; lastKnownFileType = text.plist.stringsdict; path = MainScene.stringsdict; sourceTree = "<group>"; };
		1AE68A7128E453E9009B7718 /* Extensions+NSAttributedString.swift */ = {isa = PBXFileReference; lastKnownFileType = sourcecode.swift; path = "Extensions+NSAttributedString.swift"; sourceTree = "<group>"; };
		1AE95F242752A81C00B69212 /* SceneController.swift */ = {isa = PBXFileReference; lastKnownFileType = sourcecode.swift; path = SceneController.swift; sourceTree = "<group>"; };
		1AE95F2C2752ABAF00B69212 /* SceneViewModel.swift */ = {isa = PBXFileReference; lastKnownFileType = sourcecode.swift; path = SceneViewModel.swift; sourceTree = "<group>"; };
		1AE95F302752ABCC00B69212 /* SceneRouter.swift */ = {isa = PBXFileReference; lastKnownFileType = sourcecode.swift; path = SceneRouter.swift; sourceTree = "<group>"; };
		1AEAB52D1E5B3202002C20A6 /* Vazhegan.entitlements */ = {isa = PBXFileReference; lastKnownFileType = text.xml; path = Vazhegan.entitlements; sourceTree = "<group>"; };
		1AFED0852265ABAD009EE7E2 /* VazheganFramework.framework */ = {isa = PBXFileReference; explicitFileType = wrapper.framework; includeInIndex = 0; path = VazheganFramework.framework; sourceTree = BUILT_PRODUCTS_DIR; };
		1AFED0872265ABAD009EE7E2 /* VazheganFramework.h */ = {isa = PBXFileReference; lastKnownFileType = sourcecode.c.h; path = VazheganFramework.h; sourceTree = "<group>"; };
		1AFED0882265ABAD009EE7E2 /* Info.plist */ = {isa = PBXFileReference; lastKnownFileType = text.plist.xml; path = Info.plist; sourceTree = "<group>"; };
		27497B15C30FA7D2DFBB1921 /* Pods_VazheganActionExtension.framework */ = {isa = PBXFileReference; explicitFileType = wrapper.framework; includeInIndex = 0; path = Pods_VazheganActionExtension.framework; sourceTree = BUILT_PRODUCTS_DIR; };
		319A6C03876D563870A1E7DA /* Pods-Vazhegan.debug.xcconfig */ = {isa = PBXFileReference; includeInIndex = 1; lastKnownFileType = text.xcconfig; name = "Pods-Vazhegan.debug.xcconfig"; path = "Pods/Target Support Files/Pods-Vazhegan/Pods-Vazhegan.debug.xcconfig"; sourceTree = "<group>"; };
		474E8BEE43DD7C1C6790D8DE /* Pods-VazheganActionExtension.release.xcconfig */ = {isa = PBXFileReference; includeInIndex = 1; lastKnownFileType = text.xcconfig; name = "Pods-VazheganActionExtension.release.xcconfig"; path = "Pods/Target Support Files/Pods-VazheganActionExtension/Pods-VazheganActionExtension.release.xcconfig"; sourceTree = "<group>"; };
		5C6732CF75A387FA22CCCC6F /* Pods-Vazhegan.release.xcconfig */ = {isa = PBXFileReference; includeInIndex = 1; lastKnownFileType = text.xcconfig; name = "Pods-Vazhegan.release.xcconfig"; path = "Pods/Target Support Files/Pods-Vazhegan/Pods-Vazhegan.release.xcconfig"; sourceTree = "<group>"; };
		77670FC1A2D770270677C11E /* Pods-VazheganFramework.release.xcconfig */ = {isa = PBXFileReference; includeInIndex = 1; lastKnownFileType = text.xcconfig; name = "Pods-VazheganFramework.release.xcconfig"; path = "Pods/Target Support Files/Pods-VazheganFramework/Pods-VazheganFramework.release.xcconfig"; sourceTree = "<group>"; };
		B277D22C0CD3097944A627E2 /* Pods_VazheganFramework.framework */ = {isa = PBXFileReference; explicitFileType = wrapper.framework; includeInIndex = 0; path = Pods_VazheganFramework.framework; sourceTree = BUILT_PRODUCTS_DIR; };
		C0FC7F245AAFDE035A8CD0CC /* Pods_Vazhegan.framework */ = {isa = PBXFileReference; explicitFileType = wrapper.framework; includeInIndex = 0; path = Pods_Vazhegan.framework; sourceTree = BUILT_PRODUCTS_DIR; };
		FB8D5A80E42FB16276894C6E /* Pods-VazheganFramework.debug.xcconfig */ = {isa = PBXFileReference; includeInIndex = 1; lastKnownFileType = text.xcconfig; name = "Pods-VazheganFramework.debug.xcconfig"; path = "Pods/Target Support Files/Pods-VazheganFramework/Pods-VazheganFramework.debug.xcconfig"; sourceTree = "<group>"; };
/* End PBXFileReference section */

/* Begin PBXFrameworksBuildPhase section */
		1A70CACD1E2A4C2E008D768B /* Frameworks */ = {
			isa = PBXFrameworksBuildPhase;
			buildActionMask = 2147483647;
			files = (
				1B95F26E02AF907B204A6649 /* Pods_Vazhegan.framework in Frameworks */,
				1AFED08C2265ABAD009EE7E2 /* VazheganFramework.framework in Frameworks */,
			);
			runOnlyForDeploymentPostprocessing = 0;
		};
		1A7F8115211EEC0E004BA888 /* Frameworks */ = {
			isa = PBXFrameworksBuildPhase;
			buildActionMask = 2147483647;
			files = (
				AFD406E874F1A0ABCA217FA1 /* Pods_VazheganActionExtension.framework in Frameworks */,
				1A6929DD226851C2001171B6 /* VazheganFramework.framework in Frameworks */,
			);
			runOnlyForDeploymentPostprocessing = 0;
		};
		1AFED0822265ABAD009EE7E2 /* Frameworks */ = {
			isa = PBXFrameworksBuildPhase;
			buildActionMask = 2147483647;
			files = (
				D3B519AA91A801BC8C1782D1 /* Pods_VazheganFramework.framework in Frameworks */,
			);
			runOnlyForDeploymentPostprocessing = 0;
		};
/* End PBXFrameworksBuildPhase section */

/* Begin PBXGroup section */
		10A8758038CED57378021BF0 /* Pods */ = {
			isa = PBXGroup;
			children = (
				319A6C03876D563870A1E7DA /* Pods-Vazhegan.debug.xcconfig */,
				5C6732CF75A387FA22CCCC6F /* Pods-Vazhegan.release.xcconfig */,
				08153BD981757E6B814D2F43 /* Pods-VazheganActionExtension.debug.xcconfig */,
				474E8BEE43DD7C1C6790D8DE /* Pods-VazheganActionExtension.release.xcconfig */,
				FB8D5A80E42FB16276894C6E /* Pods-VazheganFramework.debug.xcconfig */,
				77670FC1A2D770270677C11E /* Pods-VazheganFramework.release.xcconfig */,
			);
			name = Pods;
			sourceTree = "<group>";
		};
		1A34B2C72266FE4A008242E7 /* Models */ = {
			isa = PBXGroup;
			children = (
				1A34B2CD2266FE4A008242E7 /* Database.swift */,
				1A34B2C82266FE4A008242E7 /* Query.swift */,
				1A34B2CE2266FE4A008242E7 /* Word.swift */,
				1A34B2CC2266FE4A008242E7 /* Settings.swift */,
			);
			path = Models;
			sourceTree = "<group>";
		};
		1A5AF86F2742EB0800AE578C /* Extensions */ = {
			isa = PBXGroup;
			children = (
				1AB1E3912527E19600BD9B45 /* Extensions+UITableView.swift */,
				1A5AF8702742EB1A00AE578C /* Extensions+UITableViewCell.swift */,
				1A5AF8872742F7B000AE578C /* Extensions+UITableViewHeaderFooterView.swift */,
				1AB1E3B12528908E00BD9B45 /* Extensions+UIFont.swift */,
				1A5AF84E27428F2A00AE578C /* Extensions+UIView.swift */,
				1AA27CE427464464005A6016 /* Extensions+UIStackView.swift */,
				1AE68A7128E453E9009B7718 /* Extensions+NSAttributedString.swift */,
				1AD315F628E62734002E53F9 /* Extensions+String.swift */,
				1AD3160228E9B834002E53F9 /* Extensions+UIColor.swift */,
			);
			path = Extensions;
			sourceTree = "<group>";
		};
		1A5AF8762742EB2F00AE578C /* Protocols */ = {
			isa = PBXGroup;
			children = (
				1A5AF8652742E76000AE578C /* Reusable.swift */,
			);
			path = Protocols;
			sourceTree = "<group>";
		};
		1A5AF89F27437C5500AE578C /* MainScene */ = {
			isa = PBXGroup;
			children = (
				1A5EC79327424E6D00FE4151 /* MainScene.swift */,
				1A5EC79727424F2D00FE4151 /* MainScene+Controller.swift */,
				1A5EC7CC274253A000FE4151 /* MainScene+Views.swift */,
				1A5AF8562742B49A00AE578C /* MainScene+ViewModel.swift */,
				1A5AF8992743107500AE578C /* MainScene+Router.swift */,
				1AD3160C28E9CC2C002E53F9 /* MainScene.stringsdict */,
			);
			path = MainScene;
			sourceTree = "<group>";
		};
		1A5AF8B627437CE300AE578C /* HistoryScene */ = {
			isa = PBXGroup;
			children = (
				1A5AF8A227437C6B00AE578C /* HistoryScene.swift */,
				1A5AF8A627437CB400AE578C /* HistoryScene+Controller.swift */,
				1A5AF8AA27437CBE00AE578C /* HistoryScene+ViewModel.swift */,
				1A5AF8AE27437CC700AE578C /* HistoryScene+Router.swift */,
				1A5AF8B227437CDD00AE578C /* HistoryScene+Views.swift */,
				1AD3160A28E9CA21002E53F9 /* HistoryScene.stringsdict */,
			);
			path = HistoryScene;
			sourceTree = "<group>";
		};
		1A5EC76F27423D3300FE4151 /* RealmManager */ = {
			isa = PBXGroup;
			children = (
				1A5EC71B274020CA00FE4151 /* RealmManager.swift */,
				1A5EC77227423D4900FE4151 /* DatabaseManager.swift */,
				1A5EC77627423D5E00FE4151 /* QueryManager.swift */,
				1A5EC77A27423D7100FE4151 /* WordManager.swift */,
			);
			path = RealmManager;
			sourceTree = "<group>";
		};
		1A5EC79227424E5A00FE4151 /* Scenes */ = {
			isa = PBXGroup;
			children = (
				1A5EC79B2742502A00FE4151 /* SceneProtocol.swift */,
				1AE95F242752A81C00B69212 /* SceneController.swift */,
				1AE95F2C2752ABAF00B69212 /* SceneViewModel.swift */,
				1AE95F302752ABCC00B69212 /* SceneRouter.swift */,
				1A5AF89F27437C5500AE578C /* MainScene */,
				1A5AF8B627437CE300AE578C /* HistoryScene */,
				1AD2710E2744094F00B16BEE /* WordScene */,
				1AD271272744598100B16BEE /* MyWordScene */,
				1AD2714227455E7300B16BEE /* DatabasesScene */,
				1AD2716B27456E2900B16BEE /* AboutScene */,
			);
			path = Scenes;
			sourceTree = "<group>";
		};
		1A5EC7D02742551500FE4151 /* Views */ = {
			isa = PBXGroup;
			children = (
				1A5AF85F2742E73900AE578C /* SearchResultRowView.swift */,
				1A5AF8832742F5E000AE578C /* SearchResultHeaderView.swift */,
				1A5AF8BB27437E2B00AE578C /* SceneTitleBar.swift */,
				1AB1E3A9252887B400BD9B45 /* BackgroundMessageView.swift */,
				1A5A789C28811C1A006D57CB /* InputAccessorView.swift */,
			);
			path = Views;
			sourceTree = "<group>";
		};
		1A6929E822685E5E001171B6 /* Extensions */ = {
			isa = PBXGroup;
			children = (
				1A6929E222685D98001171B6 /* Extensions+Sequence.swift */,
				1A6929E622685E4E001171B6 /* Extensions+String.swift */,
				1A6929E922685E6E001171B6 /* Extensions+Realm.swift */,
				1A5EC7632740F97200FE4151 /* Extensions+Combine.swift */,
			);
			path = Extensions;
			sourceTree = "<group>";
		};
		1A70CAC71E2A4C2D008D768B = {
			isa = PBXGroup;
			children = (
				1A890185211F570500429CA7 /* README.md */,
				1A70CAD21E2A4C2E008D768B /* Vazhegan */,
				1A7F8119211EEC0E004BA888 /* VazheganActionExtension */,
				1AFED0862265ABAD009EE7E2 /* VazheganFramework */,
				1A70CAD11E2A4C2E008D768B /* Products */,
				10A8758038CED57378021BF0 /* Pods */,
				AA792CC720555B4C5BD4EC23 /* Frameworks */,
			);
			sourceTree = "<group>";
		};
		1A70CAD11E2A4C2E008D768B /* Products */ = {
			isa = PBXGroup;
			children = (
				1A70CAD01E2A4C2E008D768B /* Vazhegan.app */,
				1A7F8118211EEC0E004BA888 /* VazheganActionExtension.appex */,
				1AFED0852265ABAD009EE7E2 /* VazheganFramework.framework */,
			);
			name = Products;
			sourceTree = "<group>";
		};
		1A70CAD21E2A4C2E008D768B /* Vazhegan */ = {
			isa = PBXGroup;
			children = (
				1A5AF8762742EB2F00AE578C /* Protocols */,
				1A5AF86F2742EB0800AE578C /* Extensions */,
				1A5EC7D02742551500FE4151 /* Views */,
				1A5EC79227424E5A00FE4151 /* Scenes */,
				1AEAB52D1E5B3202002C20A6 /* Vazhegan.entitlements */,
				1A70CAE21E2A4C2F008D768B /* Info.plist */,
				1A70CAD31E2A4C2E008D768B /* AppDelegate.swift */,
				1A802CD62302C925006DE213 /* Other */,
				1AEB41F81E2D652E00B379F3 /* Resources */,
			);
			path = Vazhegan;
			sourceTree = "<group>";
		};
		1A7F8119211EEC0E004BA888 /* VazheganActionExtension */ = {
			isa = PBXGroup;
			children = (
				1A692A012268787D001171B6 /* VazheganActionExtension.entitlements */,
				1A6929DE2268530B001171B6 /* MainController.swift */,
				1A7F811F211EEC0E004BA888 /* Info.plist */,
				1A7F8157211F0DF3004BA888 /* Assets.xcassets */,
				1AA27CFF27465E6A005A6016 /* ViewModel.swift */,
			);
			path = VazheganActionExtension;
			sourceTree = "<group>";
		};
		1A802CD62302C925006DE213 /* Other */ = {
			isa = PBXGroup;
			children = (
				1A70CADF1E2A4C2F008D768B /* LaunchScreen.storyboard */,
			);
			path = Other;
			sourceTree = "<group>";
		};
		1ABF4A8825279CA80061153E /* NetworkManager */ = {
			isa = PBXGroup;
			children = (
				1A99B09F2524954C003F7B01 /* NetworkManager.swift */,
				1A5EC7672740FB9600FE4151 /* MoyaNetworkManager.swift */,
				1A99B0A52524956E003F7B01 /* VajeyabService.swift */,
				1A5EC7292740711800FE4151 /* APIRequests.swift */,
				1A5EC7542740ED8000FE4151 /* APIResponses.swift */,
			);
			path = NetworkManager;
			sourceTree = "<group>";
		};
		1AD2710E2744094F00B16BEE /* WordScene */ = {
			isa = PBXGroup;
			children = (
				1AD2710A2744094300B16BEE /* WordScene.swift */,
				1AD271112744096500B16BEE /* WordScene+Controller.swift */,
				1AD27115274409DD00B16BEE /* WordScene+Views.swift */,
				1AD27119274415FB00B16BEE /* WordScene+ViewModel.swift */,
				1AD2711D2744185500B16BEE /* WordScene+Router.swift */,
				1AD3160828E9C256002E53F9 /* WordScene.stringsdict */,
			);
			path = WordScene;
			sourceTree = "<group>";
		};
		1AD271272744598100B16BEE /* MyWordScene */ = {
			isa = PBXGroup;
			children = (
				1AD271232744597200B16BEE /* MyWordsScene.swift */,
				1AD2712A2744599400B16BEE /* MyWordsScene+Controller.swift */,
				1AD2712E274459A600B16BEE /* MyWordsScene+ViewModel.swift */,
				1AD27134274459B700B16BEE /* MyWordsScene+Router.swift */,
				1AD3160628E9BF49002E53F9 /* MyWordsScene.stringsdict */,
			);
			path = MyWordScene;
			sourceTree = "<group>";
		};
		1AD2714227455E7300B16BEE /* DatabasesScene */ = {
			isa = PBXGroup;
			children = (
				1AD2713827455E5200B16BEE /* DatabasesScene.swift */,
				1AD2713E27455E6E00B16BEE /* DatabasesScene+Controller.swift */,
				1AD2714527455E8500B16BEE /* DatabasesScene+ViewModel.swift */,
				1AD2714927455E9600B16BEE /* DatabasesScene+Router.swift */,
				1AD2714D27455EA200B16BEE /* DatabasesScene+Views.swift */,
				1AD3160428E9BDB9002E53F9 /* DatabasesScene.stringsdict */,
			);
			path = DatabasesScene;
			sourceTree = "<group>";
		};
		1AD2716B27456E2900B16BEE /* AboutScene */ = {
			isa = PBXGroup;
			children = (
				1AD2715727456DD600B16BEE /* AboutScene.swift */,
				1AD2715D27456DE100B16BEE /* AboutScene+Controller.swift */,
				1AD2715E27456DE100B16BEE /* AboutScene+ViewModel.swift */,
				1AA27CDE27456ED5005A6016 /* AboutScene+Router.swift */,
				1AD315FB28E9A23D002E53F9 /* AboutScene.stringsdict */,
			);
			path = AboutScene;
			sourceTree = "<group>";
		};
		1AD315F828E6DD77002E53F9 /* Fonts */ = {
			isa = PBXGroup;
			children = (
				1A5EC7A32742510500FE4151 /* Pinar-Black.ttf */,
				1A5EC7A12742510500FE4151 /* Pinar-Bold.ttf */,
				1A5EC7A52742510600FE4151 /* Pinar-ExtraBold.ttf */,
				1A5EC7A72742510600FE4151 /* Pinar-Light.ttf */,
				1A5EC7A62742510600FE4151 /* Pinar-Medium.ttf */,
				1A5EC7A22742510500FE4151 /* Pinar-Regular.ttf */,
				1A5EC7A42742510600FE4151 /* Pinar-SemiBold.ttf */,
			);
			path = Fonts;
			sourceTree = "<group>";
		};
		1AEB41F81E2D652E00B379F3 /* Resources */ = {
			isa = PBXGroup;
			children = (
				1AD3160028E9B5B0002E53F9 /* R.generated.swift */,
				1A70CADD1E2A4C2F008D768B /* Assets.xcassets */,
				1AD315F828E6DD77002E53F9 /* Fonts */,
			);
			path = Resources;
			sourceTree = "<group>";
		};
		1AFED0862265ABAD009EE7E2 /* VazheganFramework */ = {
			isa = PBXGroup;
			children = (
				1AFED0872265ABAD009EE7E2 /* VazheganFramework.h */,
				1AFED0882265ABAD009EE7E2 /* Info.plist */,
				1A99B0C92524A2AE003F7B01 /* Vazhegan.swift */,
				1A6929E822685E5E001171B6 /* Extensions */,
				1A34B2C72266FE4A008242E7 /* Models */,
				1ABF4A8825279CA80061153E /* NetworkManager */,
				1A5EC76F27423D3300FE4151 /* RealmManager */,
				1A5AF8522742A10C00AE578C /* SearchManager.swift */,
			);
			path = VazheganFramework;
			sourceTree = "<group>";
		};
		AA792CC720555B4C5BD4EC23 /* Frameworks */ = {
			isa = PBXGroup;
			children = (
				1A6929E022685A64001171B6 /* SPStorkController.framework */,
				C0FC7F245AAFDE035A8CD0CC /* Pods_Vazhegan.framework */,
				27497B15C30FA7D2DFBB1921 /* Pods_VazheganActionExtension.framework */,
				B277D22C0CD3097944A627E2 /* Pods_VazheganFramework.framework */,
			);
			name = Frameworks;
			sourceTree = "<group>";
		};
/* End PBXGroup section */

/* Begin PBXHeadersBuildPhase section */
		1AFED0802265ABAD009EE7E2 /* Headers */ = {
			isa = PBXHeadersBuildPhase;
			buildActionMask = 2147483647;
			files = (
				1AFED0892265ABAD009EE7E2 /* VazheganFramework.h in Headers */,
			);
			runOnlyForDeploymentPostprocessing = 0;
		};
/* End PBXHeadersBuildPhase section */

/* Begin PBXNativeTarget section */
		1A70CACF1E2A4C2E008D768B /* Vazhegan */ = {
			isa = PBXNativeTarget;
			buildConfigurationList = 1A70CAE51E2A4C2F008D768B /* Build configuration list for PBXNativeTarget "Vazhegan" */;
			buildPhases = (
				653865E411C327EED661862D /* [CP] Check Pods Manifest.lock */,
				1AD315FF28E9B430002E53F9 /* RSwift Script */,
				1A70CACC1E2A4C2E008D768B /* Sources */,
				1A70CACD1E2A4C2E008D768B /* Frameworks */,
				1A70CACE1E2A4C2E008D768B /* Resources */,
				1A7F810E211EEAB2004BA888 /* Embed Frameworks */,
				1A7F8126211EEC0E004BA888 /* Embed Foundation Extensions */,
				7B888321CBE86095C1139FF6 /* [CP] Embed Pods Frameworks */,
			);
			buildRules = (
			);
			dependencies = (
				1A7F8121211EEC0E004BA888 /* PBXTargetDependency */,
				1AFED08B2265ABAD009EE7E2 /* PBXTargetDependency */,
			);
			name = Vazhegan;
			productName = Vazhegan;
			productReference = 1A70CAD01E2A4C2E008D768B /* Vazhegan.app */;
			productType = "com.apple.product-type.application";
		};
		1A7F8117211EEC0E004BA888 /* VazheganActionExtension */ = {
			isa = PBXNativeTarget;
			buildConfigurationList = 1A7F8123211EEC0E004BA888 /* Build configuration list for PBXNativeTarget "VazheganActionExtension" */;
			buildPhases = (
				736BD42891A410026FDAA58D /* [CP] Check Pods Manifest.lock */,
				1A7F8114211EEC0E004BA888 /* Sources */,
				1A7F8115211EEC0E004BA888 /* Frameworks */,
				1A7F8116211EEC0E004BA888 /* Resources */,
			);
			buildRules = (
			);
			dependencies = (
			);
			name = VazheganActionExtension;
			productName = VazheganActionExtension;
			productReference = 1A7F8118211EEC0E004BA888 /* VazheganActionExtension.appex */;
			productType = "com.apple.product-type.app-extension";
		};
		1AFED0842265ABAD009EE7E2 /* VazheganFramework */ = {
			isa = PBXNativeTarget;
			buildConfigurationList = 1AFED0902265ABAD009EE7E2 /* Build configuration list for PBXNativeTarget "VazheganFramework" */;
			buildPhases = (
				3F7EA787355A929951E595B5 /* [CP] Check Pods Manifest.lock */,
				1AFED0802265ABAD009EE7E2 /* Headers */,
				1AFED0812265ABAD009EE7E2 /* Sources */,
				1AFED0822265ABAD009EE7E2 /* Frameworks */,
				1AFED0832265ABAD009EE7E2 /* Resources */,
			);
			buildRules = (
			);
			dependencies = (
			);
			name = VazheganFramework;
			productName = VazheganFramework;
			productReference = 1AFED0852265ABAD009EE7E2 /* VazheganFramework.framework */;
			productType = "com.apple.product-type.framework";
		};
/* End PBXNativeTarget section */

/* Begin PBXProject section */
		1A70CAC81E2A4C2D008D768B /* Project object */ = {
			isa = PBXProject;
			attributes = {
				LastSwiftUpdateCheck = 0920;
				LastUpgradeCheck = 1400;
				ORGANIZATIONNAME = "Omid Golparvar";
				TargetAttributes = {
					1A70CACF1E2A4C2E008D768B = {
						CreatedOnToolsVersion = 7.3.1;
						DevelopmentTeam = A5T376J6M4;
						LastSwiftMigration = "";
						SystemCapabilities = {
							com.apple.ApplicationGroups.iOS = {
								enabled = 1;
							};
							com.apple.BackgroundModes = {
								enabled = 1;
							};
							com.apple.Push = {
								enabled = 1;
							};
							com.apple.iCloud = {
								enabled = 0;
							};
						};
					};
					1A7F8117211EEC0E004BA888 = {
						CreatedOnToolsVersion = 9.2;
						DevelopmentTeam = A5T376J6M4;
						LastSwiftMigration = "";
						ProvisioningStyle = Automatic;
						SystemCapabilities = {
							com.apple.ApplicationGroups.iOS = {
								enabled = 1;
							};
						};
					};
					1AFED0842265ABAD009EE7E2 = {
						CreatedOnToolsVersion = 10.1;
						LastSwiftMigration = 1240;
						ProvisioningStyle = Automatic;
					};
				};
			};
			buildConfigurationList = 1A70CACB1E2A4C2D008D768B /* Build configuration list for PBXProject "Vazhegan" */;
			compatibilityVersion = "Xcode 9.3";
			developmentRegion = "fa-IR";
			hasScannedForEncodings = 0;
			knownRegions = (
				"fa-IR",
			);
			mainGroup = 1A70CAC71E2A4C2D008D768B;
			productRefGroup = 1A70CAD11E2A4C2E008D768B /* Products */;
			projectDirPath = "";
			projectRoot = "";
			targets = (
				1A70CACF1E2A4C2E008D768B /* Vazhegan */,
				1A7F8117211EEC0E004BA888 /* VazheganActionExtension */,
				1AFED0842265ABAD009EE7E2 /* VazheganFramework */,
			);
		};
/* End PBXProject section */

/* Begin PBXResourcesBuildPhase section */
		1A70CACE1E2A4C2E008D768B /* Resources */ = {
			isa = PBXResourcesBuildPhase;
			buildActionMask = 2147483647;
			files = (
				1A5EC7A82742510600FE4151 /* Pinar-Bold.ttf in Resources */,
				1A70CAE11E2A4C2F008D768B /* LaunchScreen.storyboard in Resources */,
				1A5EC7AA2742510600FE4151 /* Pinar-Black.ttf in Resources */,
				1A5EC7AB2742510600FE4151 /* Pinar-SemiBold.ttf in Resources */,
				1A5EC7AE2742510600FE4151 /* Pinar-Light.ttf in Resources */,
				1A5EC7A92742510600FE4151 /* Pinar-Regular.ttf in Resources */,
				1AD3160B28E9CA21002E53F9 /* HistoryScene.stringsdict in Resources */,
				1AD3160528E9BDB9002E53F9 /* DatabasesScene.stringsdict in Resources */,
				1AD3160728E9BF49002E53F9 /* MyWordsScene.stringsdict in Resources */,
				1A5EC7AD2742510600FE4151 /* Pinar-Medium.ttf in Resources */,
				1AD3160D28E9CC2C002E53F9 /* MainScene.stringsdict in Resources */,
				1AD315FC28E9A23D002E53F9 /* AboutScene.stringsdict in Resources */,
				1A70CADE1E2A4C2F008D768B /* Assets.xcassets in Resources */,
				1A5EC7AC2742510600FE4151 /* Pinar-ExtraBold.ttf in Resources */,
				1AD3160928E9C256002E53F9 /* WordScene.stringsdict in Resources */,
			);
			runOnlyForDeploymentPostprocessing = 0;
		};
		1A7F8116211EEC0E004BA888 /* Resources */ = {
			isa = PBXResourcesBuildPhase;
			buildActionMask = 2147483647;
			files = (
				1A5EC7B52742511500FE4151 /* Pinar-SemiBold.ttf in Resources */,
				1A5EC7B22742511500FE4151 /* Pinar-Medium.ttf in Resources */,
				1A5EC7B62742511500FE4151 /* Pinar-Light.ttf in Resources */,
				1A5EC7B32742511500FE4151 /* Pinar-Regular.ttf in Resources */,
				1A5EC7B12742511500FE4151 /* Pinar-Black.ttf in Resources */,
				1A5EC7B72742511500FE4151 /* Pinar-ExtraBold.ttf in Resources */,
				1A7F8158211F0DF3004BA888 /* Assets.xcassets in Resources */,
				1A5EC7B42742511500FE4151 /* Pinar-Bold.ttf in Resources */,
			);
			runOnlyForDeploymentPostprocessing = 0;
		};
		1AFED0832265ABAD009EE7E2 /* Resources */ = {
			isa = PBXResourcesBuildPhase;
			buildActionMask = 2147483647;
			files = (
				1A5EC7BC2742511500FE4151 /* Pinar-SemiBold.ttf in Resources */,
				1A5EC7BA2742511500FE4151 /* Pinar-Regular.ttf in Resources */,
				1A5EC7BE2742511500FE4151 /* Pinar-ExtraBold.ttf in Resources */,
				1A5EC7B92742511500FE4151 /* Pinar-Medium.ttf in Resources */,
				1A5EC7BB2742511500FE4151 /* Pinar-Bold.ttf in Resources */,
				1A5EC7BD2742511500FE4151 /* Pinar-Light.ttf in Resources */,
				1A5EC7B82742511500FE4151 /* Pinar-Black.ttf in Resources */,
			);
			runOnlyForDeploymentPostprocessing = 0;
		};
/* End PBXResourcesBuildPhase section */

/* Begin PBXShellScriptBuildPhase section */
		1AD315FF28E9B430002E53F9 /* RSwift Script */ = {
			isa = PBXShellScriptBuildPhase;
			alwaysOutOfDate = 1;
			buildActionMask = 2147483647;
			files = (
			);
			inputFileListPaths = (
			);
			inputPaths = (
			);
			name = "RSwift Script";
			outputFileListPaths = (
			);
			outputPaths = (
				$SRCROOT/Vazhegan/Resources/R.generated.swift,
			);
			runOnlyForDeploymentPostprocessing = 0;
			shellPath = /bin/sh;
			shellScript = "\"$PODS_ROOT/R.swift/rswift\" generate \"$SRCROOT/Vazhegan/Resources/R.generated.swift\"\n";
		};
		3F7EA787355A929951E595B5 /* [CP] Check Pods Manifest.lock */ = {
			isa = PBXShellScriptBuildPhase;
			buildActionMask = 2147483647;
			files = (
			);
			inputFileListPaths = (
			);
			inputPaths = (
				"${PODS_PODFILE_DIR_PATH}/Podfile.lock",
				"${PODS_ROOT}/Manifest.lock",
			);
			name = "[CP] Check Pods Manifest.lock";
			outputFileListPaths = (
			);
			outputPaths = (
				"$(DERIVED_FILE_DIR)/Pods-VazheganFramework-checkManifestLockResult.txt",
			);
			runOnlyForDeploymentPostprocessing = 0;
			shellPath = /bin/sh;
			shellScript = "diff \"${PODS_PODFILE_DIR_PATH}/Podfile.lock\" \"${PODS_ROOT}/Manifest.lock\" > /dev/null\nif [ $? != 0 ] ; then\n    # print error to STDERR\n    echo \"error: The sandbox is not in sync with the Podfile.lock. Run 'pod install' or update your CocoaPods installation.\" >&2\n    exit 1\nfi\n# This output is used by Xcode 'outputs' to avoid re-running this script phase.\necho \"SUCCESS\" > \"${SCRIPT_OUTPUT_FILE_0}\"\n";
			showEnvVarsInLog = 0;
		};
		653865E411C327EED661862D /* [CP] Check Pods Manifest.lock */ = {
			isa = PBXShellScriptBuildPhase;
			buildActionMask = 2147483647;
			files = (
			);
			inputPaths = (
				"${PODS_PODFILE_DIR_PATH}/Podfile.lock",
				"${PODS_ROOT}/Manifest.lock",
			);
			name = "[CP] Check Pods Manifest.lock";
			outputPaths = (
				"$(DERIVED_FILE_DIR)/Pods-Vazhegan-checkManifestLockResult.txt",
			);
			runOnlyForDeploymentPostprocessing = 0;
			shellPath = /bin/sh;
			shellScript = "diff \"${PODS_PODFILE_DIR_PATH}/Podfile.lock\" \"${PODS_ROOT}/Manifest.lock\" > /dev/null\nif [ $? != 0 ] ; then\n    # print error to STDERR\n    echo \"error: The sandbox is not in sync with the Podfile.lock. Run 'pod install' or update your CocoaPods installation.\" >&2\n    exit 1\nfi\n# This output is used by Xcode 'outputs' to avoid re-running this script phase.\necho \"SUCCESS\" > \"${SCRIPT_OUTPUT_FILE_0}\"\n";
			showEnvVarsInLog = 0;
		};
		736BD42891A410026FDAA58D /* [CP] Check Pods Manifest.lock */ = {
			isa = PBXShellScriptBuildPhase;
			buildActionMask = 2147483647;
			files = (
			);
			inputPaths = (
				"${PODS_PODFILE_DIR_PATH}/Podfile.lock",
				"${PODS_ROOT}/Manifest.lock",
			);
			name = "[CP] Check Pods Manifest.lock";
			outputPaths = (
				"$(DERIVED_FILE_DIR)/Pods-VazheganActionExtension-checkManifestLockResult.txt",
			);
			runOnlyForDeploymentPostprocessing = 0;
			shellPath = /bin/sh;
			shellScript = "diff \"${PODS_PODFILE_DIR_PATH}/Podfile.lock\" \"${PODS_ROOT}/Manifest.lock\" > /dev/null\nif [ $? != 0 ] ; then\n    # print error to STDERR\n    echo \"error: The sandbox is not in sync with the Podfile.lock. Run 'pod install' or update your CocoaPods installation.\" >&2\n    exit 1\nfi\n# This output is used by Xcode 'outputs' to avoid re-running this script phase.\necho \"SUCCESS\" > \"${SCRIPT_OUTPUT_FILE_0}\"\n";
			showEnvVarsInLog = 0;
		};
		7B888321CBE86095C1139FF6 /* [CP] Embed Pods Frameworks */ = {
			isa = PBXShellScriptBuildPhase;
			buildActionMask = 2147483647;
			files = (
			);
			inputFileListPaths = (
				"${PODS_ROOT}/Target Support Files/Pods-Vazhegan/Pods-Vazhegan-frameworks-${CONFIGURATION}-input-files.xcfilelist",
			);
			name = "[CP] Embed Pods Frameworks";
			outputFileListPaths = (
				"${PODS_ROOT}/Target Support Files/Pods-Vazhegan/Pods-Vazhegan-frameworks-${CONFIGURATION}-output-files.xcfilelist",
			);
			runOnlyForDeploymentPostprocessing = 0;
			shellPath = /bin/sh;
			shellScript = "\"${PODS_ROOT}/Target Support Files/Pods-Vazhegan/Pods-Vazhegan-frameworks.sh\"\n";
			showEnvVarsInLog = 0;
		};
/* End PBXShellScriptBuildPhase section */

/* Begin PBXSourcesBuildPhase section */
		1A70CACC1E2A4C2E008D768B /* Sources */ = {
			isa = PBXSourcesBuildPhase;
			buildActionMask = 2147483647;
			files = (
				1AD3160328E9B834002E53F9 /* Extensions+UIColor.swift in Sources */,
				1A5A789D28811C1B006D57CB /* InputAccessorView.swift in Sources */,
				1AE68A7228E453E9009B7718 /* Extensions+NSAttributedString.swift in Sources */,
				1A5AF84F27428F2A00AE578C /* Extensions+UIView.swift in Sources */,
				1A5AF8BC27437E2B00AE578C /* SceneTitleBar.swift in Sources */,
				1AD27135274459B700B16BEE /* MyWordsScene+Router.swift in Sources */,
				1AE95F252752A81C00B69212 /* SceneController.swift in Sources */,
				1AD2714E27455EA200B16BEE /* DatabasesScene+Views.swift in Sources */,
				1A5EC79C2742502A00FE4151 /* SceneProtocol.swift in Sources */,
				1A5AF8662742E76000AE578C /* Reusable.swift in Sources */,
				1A5AF8A327437C6B00AE578C /* HistoryScene.swift in Sources */,
				1A5EC7CD274253A000FE4151 /* MainScene+Views.swift in Sources */,
				1AD2713F27455E6E00B16BEE /* DatabasesScene+Controller.swift in Sources */,
				1A5EC79427424E6D00FE4151 /* MainScene.swift in Sources */,
				1AD2710B2744094300B16BEE /* WordScene.swift in Sources */,
				1A5AF8A727437CB400AE578C /* HistoryScene+Controller.swift in Sources */,
				1AD2716127456DE100B16BEE /* AboutScene+Controller.swift in Sources */,
				1AD271122744096500B16BEE /* WordScene+Controller.swift in Sources */,
				1AD3160128E9B5B1002E53F9 /* R.generated.swift in Sources */,
				1AD2712B2744599400B16BEE /* MyWordsScene+Controller.swift in Sources */,
				1AD2715827456DD600B16BEE /* AboutScene.swift in Sources */,
				1AD271242744597200B16BEE /* MyWordsScene.swift in Sources */,
				1AD2714A27455E9600B16BEE /* DatabasesScene+Router.swift in Sources */,
				1AB1E3AA252887B400BD9B45 /* BackgroundMessageView.swift in Sources */,
				1AA27CDF27456ED5005A6016 /* AboutScene+Router.swift in Sources */,
				1A5AF8B327437CDD00AE578C /* HistoryScene+Views.swift in Sources */,
				1A5AF8602742E73900AE578C /* SearchResultRowView.swift in Sources */,
				1AD2712F274459A600B16BEE /* MyWordsScene+ViewModel.swift in Sources */,
				1A5AF89A2743107500AE578C /* MainScene+Router.swift in Sources */,
				1AA27CE527464464005A6016 /* Extensions+UIStackView.swift in Sources */,
				1A5AF8AB27437CBE00AE578C /* HistoryScene+ViewModel.swift in Sources */,
				1AB1E3922527E19600BD9B45 /* Extensions+UITableView.swift in Sources */,
				1AD2714627455E8500B16BEE /* DatabasesScene+ViewModel.swift in Sources */,
				1A5AF8AF27437CC700AE578C /* HistoryScene+Router.swift in Sources */,
				1AB1E3B22528908E00BD9B45 /* Extensions+UIFont.swift in Sources */,
				1AD2711A274415FB00B16BEE /* WordScene+ViewModel.swift in Sources */,
				1AD27116274409DD00B16BEE /* WordScene+Views.swift in Sources */,
				1AD2716027456DE100B16BEE /* AboutScene+ViewModel.swift in Sources */,
				1AD2711E2744185500B16BEE /* WordScene+Router.swift in Sources */,
				1A5AF8712742EB1A00AE578C /* Extensions+UITableViewCell.swift in Sources */,
				1AD2713927455E5200B16BEE /* DatabasesScene.swift in Sources */,
				1AE95F2D2752ABAF00B69212 /* SceneViewModel.swift in Sources */,
				1A5AF8842742F5E000AE578C /* SearchResultHeaderView.swift in Sources */,
				1A5AF8882742F7B000AE578C /* Extensions+UITableViewHeaderFooterView.swift in Sources */,
				1AD315F728E62734002E53F9 /* Extensions+String.swift in Sources */,
				1AE95F312752ABCC00B69212 /* SceneRouter.swift in Sources */,
				1A70CAD41E2A4C2E008D768B /* AppDelegate.swift in Sources */,
				1A5AF8572742B49A00AE578C /* MainScene+ViewModel.swift in Sources */,
				1A5EC79827424F2D00FE4151 /* MainScene+Controller.swift in Sources */,
			);
			runOnlyForDeploymentPostprocessing = 0;
		};
		1A7F8114211EEC0E004BA888 /* Sources */ = {
			isa = PBXSourcesBuildPhase;
			buildActionMask = 2147483647;
			files = (
				1AA27CFC27465D93005A6016 /* Reusable.swift in Sources */,
				1AA27CF727465D7D005A6016 /* Extensions+UITableViewCell.swift in Sources */,
				1AA27D0F274661E3005A6016 /* Extensions+UIView.swift in Sources */,
				1A6929DF2268530B001171B6 /* MainController.swift in Sources */,
				1AA27CF827465D7F005A6016 /* Extensions+UITableViewHeaderFooterView.swift in Sources */,
				1AA27D0C274661CF005A6016 /* Extensions+UIStackView.swift in Sources */,
				1AA27CF427465D78005A6016 /* Extensions+UITableView.swift in Sources */,
				1AA27CF927465D83005A6016 /* Extensions+UIFont.swift in Sources */,
				1AA27D06274661A6005A6016 /* SearchResultRowView.swift in Sources */,
				1AA27D0027465E6A005A6016 /* ViewModel.swift in Sources */,
				1AA27D28274664F6005A6016 /* SearchResultHeaderView.swift in Sources */,
			);
			runOnlyForDeploymentPostprocessing = 0;
		};
		1AFED0812265ABAD009EE7E2 /* Sources */ = {
			isa = PBXSourcesBuildPhase;
			buildActionMask = 2147483647;
			files = (
				1A34B2D52266FE4A008242E7 /* Word.swift in Sources */,
				1A5EC7642740F97200FE4151 /* Extensions+Combine.swift in Sources */,
				1A5EC71C274020CA00FE4151 /* RealmManager.swift in Sources */,
				1A5EC72A2740711800FE4151 /* APIRequests.swift in Sources */,
				1A6929EA22685E6E001171B6 /* Extensions+Realm.swift in Sources */,
				1A6929E722685E4E001171B6 /* Extensions+String.swift in Sources */,
				1A6929E322685D98001171B6 /* Extensions+Sequence.swift in Sources */,
				1A34B2CF2266FE4A008242E7 /* Query.swift in Sources */,
				1A34B2D32266FE4A008242E7 /* Settings.swift in Sources */,
				1A99B0A62524956E003F7B01 /* VajeyabService.swift in Sources */,
				1A5EC7552740ED8000FE4151 /* APIResponses.swift in Sources */,
				1A5AF8532742A10C00AE578C /* SearchManager.swift in Sources */,
				1A99B0CA2524A2AE003F7B01 /* Vazhegan.swift in Sources */,
				1A99B0A02524954C003F7B01 /* NetworkManager.swift in Sources */,
				1A5EC7682740FB9600FE4151 /* MoyaNetworkManager.swift in Sources */,
				1A5EC77B27423D7100FE4151 /* WordManager.swift in Sources */,
				1A34B2D42266FE4A008242E7 /* Database.swift in Sources */,
				1A5EC77727423D5E00FE4151 /* QueryManager.swift in Sources */,
				1A5EC77327423D4900FE4151 /* DatabaseManager.swift in Sources */,
			);
			runOnlyForDeploymentPostprocessing = 0;
		};
/* End PBXSourcesBuildPhase section */

/* Begin PBXTargetDependency section */
		1A7F8121211EEC0E004BA888 /* PBXTargetDependency */ = {
			isa = PBXTargetDependency;
			target = 1A7F8117211EEC0E004BA888 /* VazheganActionExtension */;
			targetProxy = 1A7F8120211EEC0E004BA888 /* PBXContainerItemProxy */;
		};
		1AFED08B2265ABAD009EE7E2 /* PBXTargetDependency */ = {
			isa = PBXTargetDependency;
			target = 1AFED0842265ABAD009EE7E2 /* VazheganFramework */;
			targetProxy = 1AFED08A2265ABAD009EE7E2 /* PBXContainerItemProxy */;
		};
/* End PBXTargetDependency section */

/* Begin PBXVariantGroup section */
		1A70CADF1E2A4C2F008D768B /* LaunchScreen.storyboard */ = {
			isa = PBXVariantGroup;
			children = (
				1A5AF844274283DD00AE578C /* fa-IR */,
			);
			name = LaunchScreen.storyboard;
			sourceTree = "<group>";
		};
/* End PBXVariantGroup section */

/* Begin XCBuildConfiguration section */
		1A70CAE31E2A4C2F008D768B /* Debug */ = {
			isa = XCBuildConfiguration;
			buildSettings = {
				ALWAYS_SEARCH_USER_PATHS = NO;
				CLANG_ANALYZER_LOCALIZABILITY_NONLOCALIZED = YES;
				CLANG_ANALYZER_NONNULL = YES;
				CLANG_CXX_LANGUAGE_STANDARD = "gnu++0x";
				CLANG_CXX_LIBRARY = "libc++";
				CLANG_ENABLE_MODULES = YES;
				CLANG_ENABLE_OBJC_ARC = YES;
				CLANG_WARN_BLOCK_CAPTURE_AUTORELEASING = YES;
				CLANG_WARN_BOOL_CONVERSION = YES;
				CLANG_WARN_COMMA = YES;
				CLANG_WARN_CONSTANT_CONVERSION = YES;
				CLANG_WARN_DEPRECATED_OBJC_IMPLEMENTATIONS = YES;
				CLANG_WARN_DIRECT_OBJC_ISA_USAGE = YES_ERROR;
				CLANG_WARN_EMPTY_BODY = YES;
				CLANG_WARN_ENUM_CONVERSION = YES;
				CLANG_WARN_INFINITE_RECURSION = YES;
				CLANG_WARN_INT_CONVERSION = YES;
				CLANG_WARN_NON_LITERAL_NULL_CONVERSION = YES;
				CLANG_WARN_OBJC_IMPLICIT_RETAIN_SELF = YES;
				CLANG_WARN_OBJC_LITERAL_CONVERSION = YES;
				CLANG_WARN_OBJC_ROOT_CLASS = YES_ERROR;
				CLANG_WARN_QUOTED_INCLUDE_IN_FRAMEWORK_HEADER = YES;
				CLANG_WARN_RANGE_LOOP_ANALYSIS = YES;
				CLANG_WARN_STRICT_PROTOTYPES = YES;
				CLANG_WARN_SUSPICIOUS_MOVE = YES;
				CLANG_WARN_UNREACHABLE_CODE = YES;
				CLANG_WARN__DUPLICATE_METHOD_MATCH = YES;
				"CODE_SIGN_IDENTITY[sdk=iphoneos*]" = "iPhone Developer";
				COPY_PHASE_STRIP = NO;
				DEBUG_INFORMATION_FORMAT = dwarf;
				ENABLE_STRICT_OBJC_MSGSEND = YES;
				ENABLE_TESTABILITY = YES;
				GCC_C_LANGUAGE_STANDARD = gnu99;
				GCC_DYNAMIC_NO_PIC = NO;
				GCC_NO_COMMON_BLOCKS = YES;
				GCC_OPTIMIZATION_LEVEL = 0;
				GCC_PREPROCESSOR_DEFINITIONS = (
					"DEBUG=1",
					"$(inherited)",
				);
				GCC_WARN_64_TO_32_BIT_CONVERSION = YES;
				GCC_WARN_ABOUT_RETURN_TYPE = YES_ERROR;
				GCC_WARN_UNDECLARED_SELECTOR = YES;
				GCC_WARN_UNINITIALIZED_AUTOS = YES_AGGRESSIVE;
				GCC_WARN_UNUSED_FUNCTION = YES;
				GCC_WARN_UNUSED_VARIABLE = YES;
				IPHONEOS_DEPLOYMENT_TARGET = 14.1;
				MTL_ENABLE_DEBUG_INFO = YES;
				ONLY_ACTIVE_ARCH = YES;
				SDKROOT = iphoneos;
				SWIFT_OPTIMIZATION_LEVEL = "-Onone";
			};
			name = Debug;
		};
		1A70CAE41E2A4C2F008D768B /* Release */ = {
			isa = XCBuildConfiguration;
			buildSettings = {
				ALWAYS_SEARCH_USER_PATHS = NO;
				CLANG_ANALYZER_LOCALIZABILITY_NONLOCALIZED = YES;
				CLANG_ANALYZER_NONNULL = YES;
				CLANG_CXX_LANGUAGE_STANDARD = "gnu++0x";
				CLANG_CXX_LIBRARY = "libc++";
				CLANG_ENABLE_MODULES = YES;
				CLANG_ENABLE_OBJC_ARC = YES;
				CLANG_WARN_BLOCK_CAPTURE_AUTORELEASING = YES;
				CLANG_WARN_BOOL_CONVERSION = YES;
				CLANG_WARN_COMMA = YES;
				CLANG_WARN_CONSTANT_CONVERSION = YES;
				CLANG_WARN_DEPRECATED_OBJC_IMPLEMENTATIONS = YES;
				CLANG_WARN_DIRECT_OBJC_ISA_USAGE = YES_ERROR;
				CLANG_WARN_EMPTY_BODY = YES;
				CLANG_WARN_ENUM_CONVERSION = YES;
				CLANG_WARN_INFINITE_RECURSION = YES;
				CLANG_WARN_INT_CONVERSION = YES;
				CLANG_WARN_NON_LITERAL_NULL_CONVERSION = YES;
				CLANG_WARN_OBJC_IMPLICIT_RETAIN_SELF = YES;
				CLANG_WARN_OBJC_LITERAL_CONVERSION = YES;
				CLANG_WARN_OBJC_ROOT_CLASS = YES_ERROR;
				CLANG_WARN_QUOTED_INCLUDE_IN_FRAMEWORK_HEADER = YES;
				CLANG_WARN_RANGE_LOOP_ANALYSIS = YES;
				CLANG_WARN_STRICT_PROTOTYPES = YES;
				CLANG_WARN_SUSPICIOUS_MOVE = YES;
				CLANG_WARN_UNREACHABLE_CODE = YES;
				CLANG_WARN__DUPLICATE_METHOD_MATCH = YES;
				"CODE_SIGN_IDENTITY[sdk=iphoneos*]" = "iPhone Developer";
				COPY_PHASE_STRIP = NO;
				DEBUG_INFORMATION_FORMAT = "dwarf-with-dsym";
				ENABLE_NS_ASSERTIONS = NO;
				ENABLE_STRICT_OBJC_MSGSEND = YES;
				GCC_C_LANGUAGE_STANDARD = gnu99;
				GCC_NO_COMMON_BLOCKS = YES;
				GCC_WARN_64_TO_32_BIT_CONVERSION = YES;
				GCC_WARN_ABOUT_RETURN_TYPE = YES_ERROR;
				GCC_WARN_UNDECLARED_SELECTOR = YES;
				GCC_WARN_UNINITIALIZED_AUTOS = YES_AGGRESSIVE;
				GCC_WARN_UNUSED_FUNCTION = YES;
				GCC_WARN_UNUSED_VARIABLE = YES;
				IPHONEOS_DEPLOYMENT_TARGET = 14.1;
				MTL_ENABLE_DEBUG_INFO = NO;
				SDKROOT = iphoneos;
				SWIFT_COMPILATION_MODE = wholemodule;
				SWIFT_OPTIMIZATION_LEVEL = "-O";
				VALIDATE_PRODUCT = YES;
			};
			name = Release;
		};
		1A70CAE61E2A4C2F008D768B /* Debug */ = {
			isa = XCBuildConfiguration;
			baseConfigurationReference = 319A6C03876D563870A1E7DA /* Pods-Vazhegan.debug.xcconfig */;
			buildSettings = {
				ALWAYS_EMBED_SWIFT_STANDARD_LIBRARIES = YES;
				ASSETCATALOG_COMPILER_APPICON_NAME = AppIcon;
				CODE_SIGN_ENTITLEMENTS = Vazhegan/Vazhegan.entitlements;
				CODE_SIGN_IDENTITY = "iPhone Developer";
				CURRENT_PROJECT_VERSION = 3005;
				INFOPLIST_FILE = Vazhegan/Info.plist;
				INFOPLIST_KEY_LSApplicationCategoryType = "public.app-category.education";
				IPHONEOS_DEPLOYMENT_TARGET = 14.1;
				LD_RUNPATH_SEARCH_PATHS = (
					"$(inherited)",
					"@executable_path/Frameworks",
				);
				MARKETING_VERSION = 2.4;
				PRODUCT_BUNDLE_IDENTIFIER = io.idco.ios.Vazhegan;
				PRODUCT_NAME = "$(TARGET_NAME)";
				SWIFT_SWIFT3_OBJC_INFERENCE = Default;
				SWIFT_VERSION = 5.0;
				TARGETED_DEVICE_FAMILY = "1,2";
			};
			name = Debug;
		};
		1A70CAE71E2A4C2F008D768B /* Release */ = {
			isa = XCBuildConfiguration;
			baseConfigurationReference = 5C6732CF75A387FA22CCCC6F /* Pods-Vazhegan.release.xcconfig */;
			buildSettings = {
				ALWAYS_EMBED_SWIFT_STANDARD_LIBRARIES = YES;
				ASSETCATALOG_COMPILER_APPICON_NAME = AppIcon;
				CODE_SIGN_ENTITLEMENTS = Vazhegan/Vazhegan.entitlements;
				CODE_SIGN_IDENTITY = "iPhone Developer";
				CURRENT_PROJECT_VERSION = 3005;
				INFOPLIST_FILE = Vazhegan/Info.plist;
				INFOPLIST_KEY_LSApplicationCategoryType = "public.app-category.education";
				IPHONEOS_DEPLOYMENT_TARGET = 14.1;
				LD_RUNPATH_SEARCH_PATHS = (
					"$(inherited)",
					"@executable_path/Frameworks",
				);
				MARKETING_VERSION = 2.4;
				PRODUCT_BUNDLE_IDENTIFIER = io.idco.ios.Vazhegan;
				PRODUCT_NAME = "$(TARGET_NAME)";
				SWIFT_SWIFT3_OBJC_INFERENCE = Default;
				SWIFT_VERSION = 5.0;
				TARGETED_DEVICE_FAMILY = "1,2";
			};
			name = Release;
		};
		1A7F8124211EEC0E004BA888 /* Debug */ = {
			isa = XCBuildConfiguration;
			baseConfigurationReference = 08153BD981757E6B814D2F43 /* Pods-VazheganActionExtension.debug.xcconfig */;
			buildSettings = {
				ASSETCATALOG_COMPILER_APPICON_NAME = AppIcon;
				CLANG_ANALYZER_NUMBER_OBJECT_CONVERSION = YES_AGGRESSIVE;
				CLANG_CXX_LANGUAGE_STANDARD = "gnu++14";
				CLANG_WARN_DOCUMENTATION_COMMENTS = YES;
				CLANG_WARN_UNGUARDED_AVAILABILITY = YES_AGGRESSIVE;
				CODE_SIGN_ENTITLEMENTS = VazheganActionExtension/VazheganActionExtension.entitlements;
				CODE_SIGN_IDENTITY = "iPhone Developer";
				CODE_SIGN_STYLE = Automatic;
				CURRENT_PROJECT_VERSION = 3005;
				DEVELOPMENT_TEAM = A5T376J6M4;
				GCC_C_LANGUAGE_STANDARD = gnu11;
				INFOPLIST_FILE = VazheganActionExtension/Info.plist;
				IPHONEOS_DEPLOYMENT_TARGET = 14.1;
				LD_RUNPATH_SEARCH_PATHS = (
					"$(inherited)",
					"@executable_path/Frameworks",
					"@executable_path/../../Frameworks",
				);
				PRODUCT_BUNDLE_IDENTIFIER = io.idco.ios.Vazhegan.VazheganActionExtension;
				PRODUCT_NAME = "$(TARGET_NAME)";
				SKIP_INSTALL = YES;
				SWIFT_ACTIVE_COMPILATION_CONDITIONS = DEBUG;
				SWIFT_SWIFT3_OBJC_INFERENCE = Default;
				SWIFT_VERSION = 5.0;
				TARGETED_DEVICE_FAMILY = "1,2";
			};
			name = Debug;
		};
		1A7F8125211EEC0E004BA888 /* Release */ = {
			isa = XCBuildConfiguration;
			baseConfigurationReference = 474E8BEE43DD7C1C6790D8DE /* Pods-VazheganActionExtension.release.xcconfig */;
			buildSettings = {
				ASSETCATALOG_COMPILER_APPICON_NAME = AppIcon;
				CLANG_ANALYZER_NUMBER_OBJECT_CONVERSION = YES_AGGRESSIVE;
				CLANG_CXX_LANGUAGE_STANDARD = "gnu++14";
				CLANG_WARN_DOCUMENTATION_COMMENTS = YES;
				CLANG_WARN_UNGUARDED_AVAILABILITY = YES_AGGRESSIVE;
				CODE_SIGN_ENTITLEMENTS = VazheganActionExtension/VazheganActionExtension.entitlements;
				CODE_SIGN_IDENTITY = "iPhone Developer";
				CODE_SIGN_STYLE = Automatic;
				CURRENT_PROJECT_VERSION = 3005;
				DEVELOPMENT_TEAM = A5T376J6M4;
				GCC_C_LANGUAGE_STANDARD = gnu11;
				INFOPLIST_FILE = VazheganActionExtension/Info.plist;
				IPHONEOS_DEPLOYMENT_TARGET = 14.1;
				LD_RUNPATH_SEARCH_PATHS = (
					"$(inherited)",
					"@executable_path/Frameworks",
					"@executable_path/../../Frameworks",
				);
				PRODUCT_BUNDLE_IDENTIFIER = io.idco.ios.Vazhegan.VazheganActionExtension;
				PRODUCT_NAME = "$(TARGET_NAME)";
				SKIP_INSTALL = YES;
				SWIFT_SWIFT3_OBJC_INFERENCE = Default;
				SWIFT_VERSION = 5.0;
				TARGETED_DEVICE_FAMILY = "1,2";
			};
			name = Release;
		};
		1AFED08E2265ABAD009EE7E2 /* Debug */ = {
			isa = XCBuildConfiguration;
			baseConfigurationReference = FB8D5A80E42FB16276894C6E /* Pods-VazheganFramework.debug.xcconfig */;
			buildSettings = {
				CLANG_ANALYZER_NUMBER_OBJECT_CONVERSION = YES_AGGRESSIVE;
				CLANG_CXX_LANGUAGE_STANDARD = "gnu++14";
				CLANG_ENABLE_OBJC_WEAK = YES;
				CLANG_WARN_DOCUMENTATION_COMMENTS = YES;
				CLANG_WARN_UNGUARDED_AVAILABILITY = YES_AGGRESSIVE;
				CODE_SIGN_IDENTITY = "";
				CODE_SIGN_STYLE = Automatic;
				CURRENT_PROJECT_VERSION = 1;
				DEFINES_MODULE = YES;
				DYLIB_COMPATIBILITY_VERSION = 1;
				DYLIB_CURRENT_VERSION = 1;
				DYLIB_INSTALL_NAME_BASE = "@rpath";
				GCC_C_LANGUAGE_STANDARD = gnu11;
				INFOPLIST_FILE = VazheganFramework/Info.plist;
				INSTALL_PATH = "$(LOCAL_LIBRARY_DIR)/Frameworks";
				IPHONEOS_DEPLOYMENT_TARGET = 14.1;
				LD_RUNPATH_SEARCH_PATHS = (
					"$(inherited)",
					"@executable_path/Frameworks",
					"@loader_path/Frameworks",
				);
				MTL_ENABLE_DEBUG_INFO = INCLUDE_SOURCE;
				MTL_FAST_MATH = YES;
				PRODUCT_BUNDLE_IDENTIFIER = io.idco.ios.VazheganFramework;
				PRODUCT_NAME = "$(TARGET_NAME:c99extidentifier)";
				SKIP_INSTALL = YES;
				SUPPORTS_MACCATALYST = NO;
				SWIFT_ACTIVE_COMPILATION_CONDITIONS = DEBUG;
				SWIFT_VERSION = 5.0;
				TARGETED_DEVICE_FAMILY = "1,2";
				VERSIONING_SYSTEM = "apple-generic";
				VERSION_INFO_PREFIX = "";
			};
			name = Debug;
		};
		1AFED08F2265ABAD009EE7E2 /* Release */ = {
			isa = XCBuildConfiguration;
			baseConfigurationReference = 77670FC1A2D770270677C11E /* Pods-VazheganFramework.release.xcconfig */;
			buildSettings = {
				CLANG_ANALYZER_NUMBER_OBJECT_CONVERSION = YES_AGGRESSIVE;
				CLANG_CXX_LANGUAGE_STANDARD = "gnu++14";
				CLANG_ENABLE_OBJC_WEAK = YES;
				CLANG_WARN_DOCUMENTATION_COMMENTS = YES;
				CLANG_WARN_UNGUARDED_AVAILABILITY = YES_AGGRESSIVE;
				CODE_SIGN_IDENTITY = "";
				CODE_SIGN_STYLE = Automatic;
				CURRENT_PROJECT_VERSION = 1;
				DEFINES_MODULE = YES;
				DYLIB_COMPATIBILITY_VERSION = 1;
				DYLIB_CURRENT_VERSION = 1;
				DYLIB_INSTALL_NAME_BASE = "@rpath";
				GCC_C_LANGUAGE_STANDARD = gnu11;
				INFOPLIST_FILE = VazheganFramework/Info.plist;
				INSTALL_PATH = "$(LOCAL_LIBRARY_DIR)/Frameworks";
				IPHONEOS_DEPLOYMENT_TARGET = 14.1;
				LD_RUNPATH_SEARCH_PATHS = (
					"$(inherited)",
					"@executable_path/Frameworks",
					"@loader_path/Frameworks",
				);
				MTL_FAST_MATH = YES;
				PRODUCT_BUNDLE_IDENTIFIER = io.idco.ios.VazheganFramework;
				PRODUCT_NAME = "$(TARGET_NAME:c99extidentifier)";
				SKIP_INSTALL = YES;
				SUPPORTS_MACCATALYST = NO;
				SWIFT_VERSION = 5.0;
				TARGETED_DEVICE_FAMILY = "1,2";
				VERSIONING_SYSTEM = "apple-generic";
				VERSION_INFO_PREFIX = "";
			};
			name = Release;
		};
/* End XCBuildConfiguration section */

/* Begin XCConfigurationList section */
		1A70CACB1E2A4C2D008D768B /* Build configuration list for PBXProject "Vazhegan" */ = {
			isa = XCConfigurationList;
			buildConfigurations = (
				1A70CAE31E2A4C2F008D768B /* Debug */,
				1A70CAE41E2A4C2F008D768B /* Release */,
			);
			defaultConfigurationIsVisible = 0;
			defaultConfigurationName = Release;
		};
		1A70CAE51E2A4C2F008D768B /* Build configuration list for PBXNativeTarget "Vazhegan" */ = {
			isa = XCConfigurationList;
			buildConfigurations = (
				1A70CAE61E2A4C2F008D768B /* Debug */,
				1A70CAE71E2A4C2F008D768B /* Release */,
			);
			defaultConfigurationIsVisible = 0;
			defaultConfigurationName = Release;
		};
		1A7F8123211EEC0E004BA888 /* Build configuration list for PBXNativeTarget "VazheganActionExtension" */ = {
			isa = XCConfigurationList;
			buildConfigurations = (
				1A7F8124211EEC0E004BA888 /* Debug */,
				1A7F8125211EEC0E004BA888 /* Release */,
			);
			defaultConfigurationIsVisible = 0;
			defaultConfigurationName = Release;
		};
		1AFED0902265ABAD009EE7E2 /* Build configuration list for PBXNativeTarget "VazheganFramework" */ = {
			isa = XCConfigurationList;
			buildConfigurations = (
				1AFED08E2265ABAD009EE7E2 /* Debug */,
				1AFED08F2265ABAD009EE7E2 /* Release */,
			);
			defaultConfigurationIsVisible = 0;
			defaultConfigurationName = Release;
		};
/* End XCConfigurationList section */
	};
	rootObject = 1A70CAC81E2A4C2D008D768B /* Project object */;
}
